{
  "version": 4,
  "terraform_version": "1.1.9",
  "serial": 28,
  "lineage": "678a2273-d385-450d-44ec-f0c710e607f3",
  "outputs": {
    "networks": {
      "value": {
        "networks": {
          "cidr_block": "10.0.0.0/16",
          "regions": {
            "azure_north_eu_": {
              "cidr_block": "10.0.16.0/20"
            },
            "fortigate_onprem_": {
              "cidr_block": "10.0.0.0/20"
            }
          },
          "subnets": {
            "azure_north_eu_": {
              "azure_north_eu_bastion": {
                "cidr_block": "10.0.16.96/27",
                "vlanid": "14"
              },
              "azure_north_eu_dns": {
                "cidr_block": "10.0.16.64/27",
                "vlanid": "13"
              },
              "azure_north_eu_gitlab": {
                "cidr_block": "10.0.16.128/27",
                "vlanid": "15"
              },
              "azure_north_eu_k8s": {
                "cidr_block": "10.0.16.32/27",
                "vlanid": "12"
              },
              "azure_north_eu_vmware": {
                "cidr_block": "10.0.16.160/27",
                "vlanid": "16"
              }
            },
            "fortigate_onprem_": {
              "fortigate_onprem_bastion": {
                "cidr_block": "10.0.0.96/27",
                "vlanid": "14"
              },
              "fortigate_onprem_dns": {
                "cidr_block": "10.0.0.64/27",
                "vlanid": "13"
              },
              "fortigate_onprem_gitlab": {
                "cidr_block": "10.0.0.128/27",
                "vlanid": "15"
              },
              "fortigate_onprem_k8s": {
                "cidr_block": "10.0.0.32/27",
                "vlanid": "12"
              },
              "fortigate_onprem_vmware": {
                "cidr_block": "10.0.0.160/27",
                "vlanid": "16"
              }
            }
          }
        }
      },
      "type": [
        "object",
        {
          "networks": [
            "object",
            {
              "cidr_block": "string",
              "regions": [
                "object",
                {
                  "azure_north_eu_": [
                    "object",
                    {
                      "cidr_block": "string"
                    }
                  ],
                  "fortigate_onprem_": [
                    "object",
                    {
                      "cidr_block": "string"
                    }
                  ]
                }
              ],
              "subnets": [
                "object",
                {
                  "azure_north_eu_": [
                    "object",
                    {
                      "azure_north_eu_bastion": [
                        "object",
                        {
                          "cidr_block": "string",
                          "vlanid": "string"
                        }
                      ],
                      "azure_north_eu_dns": [
                        "object",
                        {
                          "cidr_block": "string",
                          "vlanid": "string"
                        }
                      ],
                      "azure_north_eu_gitlab": [
                        "object",
                        {
                          "cidr_block": "string",
                          "vlanid": "string"
                        }
                      ],
                      "azure_north_eu_k8s": [
                        "object",
                        {
                          "cidr_block": "string",
                          "vlanid": "string"
                        }
                      ],
                      "azure_north_eu_vmware": [
                        "object",
                        {
                          "cidr_block": "string",
                          "vlanid": "string"
                        }
                      ]
                    }
                  ],
                  "fortigate_onprem_": [
                    "object",
                    {
                      "fortigate_onprem_bastion": [
                        "object",
                        {
                          "cidr_block": "string",
                          "vlanid": "string"
                        }
                      ],
                      "fortigate_onprem_dns": [
                        "object",
                        {
                          "cidr_block": "string",
                          "vlanid": "string"
                        }
                      ],
                      "fortigate_onprem_gitlab": [
                        "object",
                        {
                          "cidr_block": "string",
                          "vlanid": "string"
                        }
                      ],
                      "fortigate_onprem_k8s": [
                        "object",
                        {
                          "cidr_block": "string",
                          "vlanid": "string"
                        }
                      ],
                      "fortigate_onprem_vmware": [
                        "object",
                        {
                          "cidr_block": "string",
                          "vlanid": "string"
                        }
                      ]
                    }
                  ]
                }
              ]
            }
          ]
        }
      ]
    }
  },
  "resources": [
    {
      "mode": "data",
      "type": "fortios_system_interfacelist",
      "name": "ilo_idrac",
      "provider": "provider[\"registry.terraform.io/fortinetdev/fortios\"]",
      "instances": [
        {
          "schema_version": 0,
          "attributes": {
            "filter": "alias=@IDRAC,alias=@ILO",
            "id": "DataSourceSystemInterfaceListfilter=alias=@IDRAC,alias=@ILO",
            "namelist": [
              "port10",
              "port12",
              "port13",
              "port14"
            ],
            "vdomparam": null
          },
          "sensitive_attributes": []
        }
      ]
    },
    {
      "mode": "data",
      "type": "fortios_system_interfacelist",
      "name": "switches",
      "provider": "provider[\"registry.terraform.io/fortinetdev/fortios\"]",
      "instances": [
        {
          "schema_version": 0,
          "attributes": {
            "filter": "alias=@mikrotik,alias=@xyzel",
            "id": "DataSourceSystemInterfaceListfilter=alias=@mikrotik,alias=@xyzel",
            "namelist": [
              "port11",
              "port16"
            ],
            "vdomparam": null
          },
          "sensitive_attributes": []
        }
      ]
    },
    {
      "mode": "managed",
      "type": "fortios_firewall_policy",
      "name": "all_to_dns",
      "provider": "provider[\"registry.terraform.io/fortinetdev/fortios\"]",
      "instances": [
        {
          "schema_version": 0,
          "attributes": {
            "action": "accept",
            "anti_replay": "enable",
            "app_category": [],
            "app_group": [],
            "application": [],
            "application_list": "",
            "auth_cert": "",
            "auth_path": "disable",
            "auth_redirect_addr": "",
            "auto_asic_offload": "enable",
            "av_profile": "",
            "block_notification": "disable",
            "captive_portal_exempt": "disable",
            "capture_packet": "disable",
            "cifs_profile": "",
            "comments": "",
            "custom_log_fields": [],
            "decrypted_traffic_mirror": "",
            "delay_tcp_npu_session": "disable",
            "devices": [],
            "diffserv_copy": "",
            "diffserv_forward": "disable",
            "diffserv_reverse": "disable",
            "diffservcode_forward": "000000",
            "diffservcode_rev": "000000",
            "disclaimer": "disable",
            "dlp_profile": "",
            "dlp_sensor": "",
            "dnsfilter_profile": "",
            "dsri": "disable",
            "dstaddr": [
              {
                "name": "all"
              }
            ],
            "dstaddr6": [],
            "dstaddr6_negate": "",
            "dstaddr_negate": "disable",
            "dstintf": [
              {
                "name": "dns"
              }
            ],
            "dynamic_shaping": "disable",
            "dynamic_sort_subtable": "false",
            "email_collect": "disable",
            "emailfilter_profile": "",
            "fec": "",
            "file_filter_profile": "",
            "firewall_session_dirty": "check-all",
            "fixedport": "disable",
            "fsso": "",
            "fsso_agent_for_ntlm": "",
            "fsso_groups": [],
            "geoip_anycast": "disable",
            "geoip_match": "physical-location",
            "global_label": "",
            "groups": [],
            "http_policy_redirect": "disable",
            "icap_profile": "",
            "id": "12",
            "identity_based_route": "",
            "inbound": "disable",
            "inspection_mode": "flow",
            "internet_service": "disable",
            "internet_service6": "",
            "internet_service6_custom": [],
            "internet_service6_custom_group": [],
            "internet_service6_group": [],
            "internet_service6_name": [],
            "internet_service6_negate": "",
            "internet_service6_src": "",
            "internet_service6_src_custom": [],
            "internet_service6_src_custom_group": [],
            "internet_service6_src_group": [],
            "internet_service6_src_name": [],
            "internet_service6_src_negate": "",
            "internet_service_custom": [],
            "internet_service_custom_group": [],
            "internet_service_group": [],
            "internet_service_id": [],
            "internet_service_name": [],
            "internet_service_negate": "disable",
            "internet_service_src": "disable",
            "internet_service_src_custom": [],
            "internet_service_src_custom_group": [],
            "internet_service_src_group": [],
            "internet_service_src_id": [],
            "internet_service_src_name": [],
            "internet_service_src_negate": "disable",
            "ippool": "disable",
            "ips_sensor": "",
            "label": "",
            "learning_mode": "",
            "logtraffic": "all",
            "logtraffic_start": "disable",
            "match_vip": "disable",
            "match_vip_only": "disable",
            "name": "* --\u003e DNS",
            "nat": "enable",
            "nat46": "",
            "nat64": "",
            "natinbound": "disable",
            "natip": "0.0.0.0 0.0.0.0",
            "natoutbound": "disable",
            "network_service_dynamic": [],
            "network_service_src_dynamic": [],
            "np_acceleration": "enable",
            "ntlm": "disable",
            "ntlm_enabled_browsers": [],
            "ntlm_guest": "disable",
            "outbound": "enable",
            "passive_wan_health_measurement": "",
            "per_ip_shaper": "",
            "permit_any_host": "disable",
            "permit_stun_host": "disable",
            "policy_expiry": "",
            "policy_expiry_date": "",
            "policyid": 12,
            "poolname": [],
            "poolname6": [],
            "profile_group": "",
            "profile_protocol_options": "default",
            "profile_type": "single",
            "radius_mac_auth_bypass": "disable",
            "redirect_url": "",
            "replacemsg_override_group": "",
            "reputation_direction": "destination",
            "reputation_direction6": "",
            "reputation_minimum": 0,
            "reputation_minimum6": 0,
            "rsso": "",
            "rtp_addr": [],
            "rtp_nat": "disable",
            "scan_botnet_connections": "",
            "schedule": "always",
            "schedule_timeout": "disable",
            "sctp_filter_profile": "",
            "send_deny_packet": "disable",
            "service": [
              {
                "name": "DNS"
              }
            ],
            "service_negate": "disable",
            "session_ttl": 0,
            "sgt": [],
            "sgt_check": "",
            "spamfilter_profile": "",
            "src_vendor_mac": [],
            "srcaddr": [
              {
                "name": "all"
              }
            ],
            "srcaddr6": [],
            "srcaddr6_negate": "",
            "srcaddr_negate": "disable",
            "srcintf": [
              {
                "name": "bastion"
              },
              {
                "name": "dns"
              },
              {
                "name": "gitlab"
              },
              {
                "name": "k8s"
              },
              {
                "name": "vmware"
              }
            ],
            "ssh_filter_profile": "",
            "ssh_policy_redirect": "disable",
            "ssl_mirror": "",
            "ssl_mirror_intf": [],
            "ssl_ssh_profile": "no-inspection",
            "status": "enable",
            "tcp_mss_receiver": 0,
            "tcp_mss_sender": 0,
            "tcp_session_without_syn": "disable",
            "timeout_send_rst": "disable",
            "tos": "0x00",
            "tos_mask": "0x00",
            "tos_negate": "disable",
            "traffic_shaper": "",
            "traffic_shaper_reverse": "",
            "url_category": [],
            "users": [],
            "utm_status": "disable",
            "uuid": "0982b6e8-524d-51ed-54a3-52c657a73633",
            "vdomparam": null,
            "videofilter_profile": "",
            "vlan_cos_fwd": 255,
            "vlan_cos_rev": 255,
            "vlan_filter": "",
            "voip_profile": "",
            "vpntunnel": "",
            "waf_profile": "",
            "wanopt": "disable",
            "wanopt_detection": "active",
            "wanopt_passive_opt": "default",
            "wanopt_peer": "",
            "wanopt_profile": "",
            "wccp": "disable",
            "webcache": "disable",
            "webcache_https": "disable",
            "webfilter_profile": "",
            "webproxy_forward_server": "",
            "webproxy_profile": "",
            "wsso": "",
            "ztna_ems_tag": [],
            "ztna_geo_tag": [],
            "ztna_status": ""
          },
          "sensitive_attributes": [],
          "private": "bnVsbA==",
          "dependencies": [
            "fortios_system_interface.vlan_cidr_calc"
          ]
        }
      ]
    },
    {
      "mode": "managed",
      "type": "fortios_firewall_policy",
      "name": "all_to_wan",
      "provider": "provider[\"registry.terraform.io/fortinetdev/fortios\"]",
      "instances": [
        {
          "schema_version": 0,
          "attributes": {
            "action": "accept",
            "anti_replay": "enable",
            "app_category": [],
            "app_group": [],
            "application": [],
            "application_list": "",
            "auth_cert": "",
            "auth_path": "disable",
            "auth_redirect_addr": "",
            "auto_asic_offload": "enable",
            "av_profile": "",
            "block_notification": "disable",
            "captive_portal_exempt": "disable",
            "capture_packet": "disable",
            "cifs_profile": "",
            "comments": "",
            "custom_log_fields": [],
            "decrypted_traffic_mirror": "",
            "delay_tcp_npu_session": "disable",
            "devices": [],
            "diffserv_copy": "",
            "diffserv_forward": "disable",
            "diffserv_reverse": "disable",
            "diffservcode_forward": "000000",
            "diffservcode_rev": "000000",
            "disclaimer": "disable",
            "dlp_profile": "",
            "dlp_sensor": "",
            "dnsfilter_profile": "",
            "dsri": "disable",
            "dstaddr": [
              {
                "name": "all"
              }
            ],
            "dstaddr6": [],
            "dstaddr6_negate": "",
            "dstaddr_negate": "disable",
            "dstintf": [
              {
                "name": "port9"
              }
            ],
            "dynamic_shaping": "disable",
            "dynamic_sort_subtable": "false",
            "email_collect": "disable",
            "emailfilter_profile": "",
            "fec": "",
            "file_filter_profile": "",
            "firewall_session_dirty": "check-all",
            "fixedport": "disable",
            "fsso": "",
            "fsso_agent_for_ntlm": "",
            "fsso_groups": [],
            "geoip_anycast": "disable",
            "geoip_match": "physical-location",
            "global_label": "",
            "groups": [],
            "http_policy_redirect": "disable",
            "icap_profile": "",
            "id": "10",
            "identity_based_route": "",
            "inbound": "disable",
            "inspection_mode": "flow",
            "internet_service": "disable",
            "internet_service6": "",
            "internet_service6_custom": [],
            "internet_service6_custom_group": [],
            "internet_service6_group": [],
            "internet_service6_name": [],
            "internet_service6_negate": "",
            "internet_service6_src": "",
            "internet_service6_src_custom": [],
            "internet_service6_src_custom_group": [],
            "internet_service6_src_group": [],
            "internet_service6_src_name": [],
            "internet_service6_src_negate": "",
            "internet_service_custom": [],
            "internet_service_custom_group": [],
            "internet_service_group": [],
            "internet_service_id": [],
            "internet_service_name": [],
            "internet_service_negate": "disable",
            "internet_service_src": "disable",
            "internet_service_src_custom": [],
            "internet_service_src_custom_group": [],
            "internet_service_src_group": [],
            "internet_service_src_id": [],
            "internet_service_src_name": [],
            "internet_service_src_negate": "disable",
            "ippool": "disable",
            "ips_sensor": "",
            "label": "",
            "learning_mode": "",
            "logtraffic": "all",
            "logtraffic_start": "disable",
            "match_vip": "disable",
            "match_vip_only": "disable",
            "name": " * --\u003e WAN ",
            "nat": "enable",
            "nat46": "",
            "nat64": "",
            "natinbound": "disable",
            "natip": "0.0.0.0 0.0.0.0",
            "natoutbound": "disable",
            "network_service_dynamic": [],
            "network_service_src_dynamic": [],
            "np_acceleration": "enable",
            "ntlm": "disable",
            "ntlm_enabled_browsers": [],
            "ntlm_guest": "disable",
            "outbound": "enable",
            "passive_wan_health_measurement": "",
            "per_ip_shaper": "",
            "permit_any_host": "disable",
            "permit_stun_host": "disable",
            "policy_expiry": "",
            "policy_expiry_date": "",
            "policyid": 10,
            "poolname": [],
            "poolname6": [],
            "profile_group": "",
            "profile_protocol_options": "default",
            "profile_type": "single",
            "radius_mac_auth_bypass": "disable",
            "redirect_url": "",
            "replacemsg_override_group": "",
            "reputation_direction": "destination",
            "reputation_direction6": "",
            "reputation_minimum": 0,
            "reputation_minimum6": 0,
            "rsso": "",
            "rtp_addr": [],
            "rtp_nat": "disable",
            "scan_botnet_connections": "",
            "schedule": "always",
            "schedule_timeout": "disable",
            "sctp_filter_profile": "",
            "send_deny_packet": "disable",
            "service": [
              {
                "name": "ALL"
              }
            ],
            "service_negate": "disable",
            "session_ttl": 0,
            "sgt": [],
            "sgt_check": "",
            "spamfilter_profile": "",
            "src_vendor_mac": [],
            "srcaddr": [
              {
                "name": "all"
              }
            ],
            "srcaddr6": [],
            "srcaddr6_negate": "",
            "srcaddr_negate": "disable",
            "srcintf": [
              {
                "name": "bastion"
              },
              {
                "name": "dns"
              },
              {
                "name": "gitlab"
              },
              {
                "name": "k8s"
              },
              {
                "name": "vmware"
              }
            ],
            "ssh_filter_profile": "",
            "ssh_policy_redirect": "disable",
            "ssl_mirror": "",
            "ssl_mirror_intf": [],
            "ssl_ssh_profile": "no-inspection",
            "status": "enable",
            "tcp_mss_receiver": 0,
            "tcp_mss_sender": 0,
            "tcp_session_without_syn": "disable",
            "timeout_send_rst": "disable",
            "tos": "0x00",
            "tos_mask": "0x00",
            "tos_negate": "disable",
            "traffic_shaper": "",
            "traffic_shaper_reverse": "",
            "url_category": [],
            "users": [],
            "utm_status": "disable",
            "uuid": "097fbc40-524d-51ed-a010-5578e6ee513a",
            "vdomparam": null,
            "videofilter_profile": "",
            "vlan_cos_fwd": 255,
            "vlan_cos_rev": 255,
            "vlan_filter": "",
            "voip_profile": "",
            "vpntunnel": "",
            "waf_profile": "",
            "wanopt": "disable",
            "wanopt_detection": "active",
            "wanopt_passive_opt": "default",
            "wanopt_peer": "",
            "wanopt_profile": "",
            "wccp": "disable",
            "webcache": "disable",
            "webcache_https": "disable",
            "webfilter_profile": "",
            "webproxy_forward_server": "",
            "webproxy_profile": "",
            "wsso": "",
            "ztna_ems_tag": [],
            "ztna_geo_tag": [],
            "ztna_status": ""
          },
          "sensitive_attributes": [],
          "private": "bnVsbA==",
          "dependencies": [
            "fortios_system_interface.vlan_cidr_calc"
          ]
        }
      ]
    },
    {
      "mode": "managed",
      "type": "fortios_firewall_policy",
      "name": "alt_til_alt_icmp",
      "provider": "provider[\"registry.terraform.io/fortinetdev/fortios\"]",
      "instances": [
        {
          "schema_version": 0,
          "attributes": {
            "action": "accept",
            "anti_replay": "enable",
            "app_category": [],
            "app_group": [],
            "application": [],
            "application_list": "",
            "auth_cert": "",
            "auth_path": "disable",
            "auth_redirect_addr": "",
            "auto_asic_offload": "enable",
            "av_profile": "",
            "block_notification": "disable",
            "captive_portal_exempt": "disable",
            "capture_packet": "disable",
            "cifs_profile": "",
            "comments": "",
            "custom_log_fields": [],
            "decrypted_traffic_mirror": "",
            "delay_tcp_npu_session": "disable",
            "devices": [],
            "diffserv_copy": "",
            "diffserv_forward": "disable",
            "diffserv_reverse": "disable",
            "diffservcode_forward": "000000",
            "diffservcode_rev": "000000",
            "disclaimer": "disable",
            "dlp_profile": "",
            "dlp_sensor": "",
            "dnsfilter_profile": "",
            "dsri": "disable",
            "dstaddr": [
              {
                "name": "all"
              }
            ],
            "dstaddr6": [],
            "dstaddr6_negate": "",
            "dstaddr_negate": "disable",
            "dstintf": [
              {
                "name": "bastion"
              },
              {
                "name": "dns"
              },
              {
                "name": "gitlab"
              },
              {
                "name": "k8s"
              },
              {
                "name": "vmware"
              }
            ],
            "dynamic_shaping": "disable",
            "dynamic_sort_subtable": "false",
            "email_collect": "disable",
            "emailfilter_profile": "",
            "fec": "",
            "file_filter_profile": "",
            "firewall_session_dirty": "check-all",
            "fixedport": "disable",
            "fsso": "",
            "fsso_agent_for_ntlm": "",
            "fsso_groups": [],
            "geoip_anycast": "disable",
            "geoip_match": "physical-location",
            "global_label": "",
            "groups": [],
            "http_policy_redirect": "disable",
            "icap_profile": "",
            "id": "13",
            "identity_based_route": "",
            "inbound": "disable",
            "inspection_mode": "flow",
            "internet_service": "disable",
            "internet_service6": "",
            "internet_service6_custom": [],
            "internet_service6_custom_group": [],
            "internet_service6_group": [],
            "internet_service6_name": [],
            "internet_service6_negate": "",
            "internet_service6_src": "",
            "internet_service6_src_custom": [],
            "internet_service6_src_custom_group": [],
            "internet_service6_src_group": [],
            "internet_service6_src_name": [],
            "internet_service6_src_negate": "",
            "internet_service_custom": [],
            "internet_service_custom_group": [],
            "internet_service_group": [],
            "internet_service_id": [],
            "internet_service_name": [],
            "internet_service_negate": "disable",
            "internet_service_src": "disable",
            "internet_service_src_custom": [],
            "internet_service_src_custom_group": [],
            "internet_service_src_group": [],
            "internet_service_src_id": [],
            "internet_service_src_name": [],
            "internet_service_src_negate": "disable",
            "ippool": "disable",
            "ips_sensor": "",
            "label": "",
            "learning_mode": "",
            "logtraffic": "all",
            "logtraffic_start": "disable",
            "match_vip": "disable",
            "match_vip_only": "disable",
            "name": "* --\u003e *  - ICMP",
            "nat": "enable",
            "nat46": "",
            "nat64": "",
            "natinbound": "disable",
            "natip": "0.0.0.0 0.0.0.0",
            "natoutbound": "disable",
            "network_service_dynamic": [],
            "network_service_src_dynamic": [],
            "np_acceleration": "enable",
            "ntlm": "disable",
            "ntlm_enabled_browsers": [],
            "ntlm_guest": "disable",
            "outbound": "enable",
            "passive_wan_health_measurement": "",
            "per_ip_shaper": "",
            "permit_any_host": "disable",
            "permit_stun_host": "disable",
            "policy_expiry": "",
            "policy_expiry_date": "",
            "policyid": 13,
            "poolname": [],
            "poolname6": [],
            "profile_group": "",
            "profile_protocol_options": "default",
            "profile_type": "single",
            "radius_mac_auth_bypass": "disable",
            "redirect_url": "",
            "replacemsg_override_group": "",
            "reputation_direction": "destination",
            "reputation_direction6": "",
            "reputation_minimum": 0,
            "reputation_minimum6": 0,
            "rsso": "",
            "rtp_addr": [],
            "rtp_nat": "disable",
            "scan_botnet_connections": "",
            "schedule": "always",
            "schedule_timeout": "disable",
            "sctp_filter_profile": "",
            "send_deny_packet": "disable",
            "service": [
              {
                "name": "ALL_ICMP"
              }
            ],
            "service_negate": "disable",
            "session_ttl": 0,
            "sgt": [],
            "sgt_check": "",
            "spamfilter_profile": "",
            "src_vendor_mac": [],
            "srcaddr": [
              {
                "name": "all"
              }
            ],
            "srcaddr6": [],
            "srcaddr6_negate": "",
            "srcaddr_negate": "disable",
            "srcintf": [
              {
                "name": "bastion"
              },
              {
                "name": "dns"
              },
              {
                "name": "gitlab"
              },
              {
                "name": "k8s"
              },
              {
                "name": "vmware"
              }
            ],
            "ssh_filter_profile": "",
            "ssh_policy_redirect": "disable",
            "ssl_mirror": "",
            "ssl_mirror_intf": [],
            "ssl_ssh_profile": "no-inspection",
            "status": "enable",
            "tcp_mss_receiver": 0,
            "tcp_mss_sender": 0,
            "tcp_session_without_syn": "disable",
            "timeout_send_rst": "disable",
            "tos": "0x00",
            "tos_mask": "0x00",
            "tos_negate": "disable",
            "traffic_shaper": "",
            "traffic_shaper_reverse": "",
            "url_category": [],
            "users": [],
            "utm_status": "disable",
            "uuid": "09841a88-524d-51ed-ef5a-73d8fae417eb",
            "vdomparam": null,
            "videofilter_profile": "",
            "vlan_cos_fwd": 255,
            "vlan_cos_rev": 255,
            "vlan_filter": "",
            "voip_profile": "",
            "vpntunnel": "",
            "waf_profile": "",
            "wanopt": "disable",
            "wanopt_detection": "active",
            "wanopt_passive_opt": "default",
            "wanopt_peer": "",
            "wanopt_profile": "",
            "wccp": "disable",
            "webcache": "disable",
            "webcache_https": "disable",
            "webfilter_profile": "",
            "webproxy_forward_server": "",
            "webproxy_profile": "",
            "wsso": "",
            "ztna_ems_tag": [],
            "ztna_geo_tag": [],
            "ztna_status": ""
          },
          "sensitive_attributes": [],
          "private": "bnVsbA==",
          "dependencies": [
            "fortios_system_interface.vlan_cidr_calc"
          ]
        }
      ]
    },
    {
      "mode": "managed",
      "type": "fortios_firewall_policy",
      "name": "alt_til_influxdbz",
      "provider": "provider[\"registry.terraform.io/fortinetdev/fortios\"]",
      "instances": [
        {
          "schema_version": 0,
          "attributes": {
            "action": "accept",
            "anti_replay": "enable",
            "app_category": [],
            "app_group": [],
            "application": [],
            "application_list": "",
            "auth_cert": "",
            "auth_path": "disable",
            "auth_redirect_addr": "",
            "auto_asic_offload": "enable",
            "av_profile": "",
            "block_notification": "disable",
            "captive_portal_exempt": "disable",
            "capture_packet": "disable",
            "cifs_profile": "",
            "comments": "",
            "custom_log_fields": [],
            "decrypted_traffic_mirror": "",
            "delay_tcp_npu_session": "disable",
            "devices": [],
            "diffserv_copy": "",
            "diffserv_forward": "disable",
            "diffserv_reverse": "disable",
            "diffservcode_forward": "000000",
            "diffservcode_rev": "000000",
            "disclaimer": "disable",
            "dlp_profile": "",
            "dlp_sensor": "",
            "dnsfilter_profile": "",
            "dsri": "disable",
            "dstaddr": [
              {
                "name": "all"
              }
            ],
            "dstaddr6": [],
            "dstaddr6_negate": "",
            "dstaddr_negate": "disable",
            "dstintf": [
              {
                "name": "k8s"
              }
            ],
            "dynamic_shaping": "disable",
            "dynamic_sort_subtable": "false",
            "email_collect": "disable",
            "emailfilter_profile": "",
            "fec": "",
            "file_filter_profile": "",
            "firewall_session_dirty": "check-all",
            "fixedport": "disable",
            "fsso": "",
            "fsso_agent_for_ntlm": "",
            "fsso_groups": [],
            "geoip_anycast": "disable",
            "geoip_match": "physical-location",
            "global_label": "",
            "groups": [],
            "http_policy_redirect": "disable",
            "icap_profile": "",
            "id": "14",
            "identity_based_route": "",
            "inbound": "disable",
            "inspection_mode": "flow",
            "internet_service": "disable",
            "internet_service6": "",
            "internet_service6_custom": [],
            "internet_service6_custom_group": [],
            "internet_service6_group": [],
            "internet_service6_name": [],
            "internet_service6_negate": "",
            "internet_service6_src": "",
            "internet_service6_src_custom": [],
            "internet_service6_src_custom_group": [],
            "internet_service6_src_group": [],
            "internet_service6_src_name": [],
            "internet_service6_src_negate": "",
            "internet_service_custom": [],
            "internet_service_custom_group": [],
            "internet_service_group": [],
            "internet_service_id": [],
            "internet_service_name": [],
            "internet_service_negate": "disable",
            "internet_service_src": "disable",
            "internet_service_src_custom": [],
            "internet_service_src_custom_group": [],
            "internet_service_src_group": [],
            "internet_service_src_id": [],
            "internet_service_src_name": [],
            "internet_service_src_negate": "disable",
            "ippool": "disable",
            "ips_sensor": "",
            "label": "",
            "learning_mode": "",
            "logtraffic": "all",
            "logtraffic_start": "disable",
            "match_vip": "disable",
            "match_vip_only": "disable",
            "name": "* --\u003e influxdbz 8086",
            "nat": "enable",
            "nat46": "",
            "nat64": "",
            "natinbound": "disable",
            "natip": "0.0.0.0 0.0.0.0",
            "natoutbound": "disable",
            "network_service_dynamic": [],
            "network_service_src_dynamic": [],
            "np_acceleration": "enable",
            "ntlm": "disable",
            "ntlm_enabled_browsers": [],
            "ntlm_guest": "disable",
            "outbound": "enable",
            "passive_wan_health_measurement": "",
            "per_ip_shaper": "",
            "permit_any_host": "disable",
            "permit_stun_host": "disable",
            "policy_expiry": "",
            "policy_expiry_date": "",
            "policyid": 14,
            "poolname": [],
            "poolname6": [],
            "profile_group": "",
            "profile_protocol_options": "default",
            "profile_type": "single",
            "radius_mac_auth_bypass": "disable",
            "redirect_url": "",
            "replacemsg_override_group": "",
            "reputation_direction": "destination",
            "reputation_direction6": "",
            "reputation_minimum": 0,
            "reputation_minimum6": 0,
            "rsso": "",
            "rtp_addr": [],
            "rtp_nat": "disable",
            "scan_botnet_connections": "",
            "schedule": "always",
            "schedule_timeout": "disable",
            "sctp_filter_profile": "",
            "send_deny_packet": "disable",
            "service": [
              {
                "name": "influxdb"
              }
            ],
            "service_negate": "disable",
            "session_ttl": 0,
            "sgt": [],
            "sgt_check": "",
            "spamfilter_profile": "",
            "src_vendor_mac": [],
            "srcaddr": [
              {
                "name": "all"
              }
            ],
            "srcaddr6": [],
            "srcaddr6_negate": "",
            "srcaddr_negate": "disable",
            "srcintf": [
              {
                "name": "bastion"
              },
              {
                "name": "dns"
              },
              {
                "name": "gitlab"
              },
              {
                "name": "k8s"
              },
              {
                "name": "vmware"
              }
            ],
            "ssh_filter_profile": "",
            "ssh_policy_redirect": "disable",
            "ssl_mirror": "",
            "ssl_mirror_intf": [],
            "ssl_ssh_profile": "no-inspection",
            "status": "enable",
            "tcp_mss_receiver": 0,
            "tcp_mss_sender": 0,
            "tcp_session_without_syn": "disable",
            "timeout_send_rst": "disable",
            "tos": "0x00",
            "tos_mask": "0x00",
            "tos_negate": "disable",
            "traffic_shaper": "",
            "traffic_shaper_reverse": "",
            "url_category": [],
            "users": [],
            "utm_status": "disable",
            "uuid": "098624e0-524d-51ed-d28a-e3ebfde6f507",
            "vdomparam": null,
            "videofilter_profile": "",
            "vlan_cos_fwd": 255,
            "vlan_cos_rev": 255,
            "vlan_filter": "",
            "voip_profile": "",
            "vpntunnel": "",
            "waf_profile": "",
            "wanopt": "disable",
            "wanopt_detection": "active",
            "wanopt_passive_opt": "default",
            "wanopt_peer": "",
            "wanopt_profile": "",
            "wccp": "disable",
            "webcache": "disable",
            "webcache_https": "disable",
            "webfilter_profile": "",
            "webproxy_forward_server": "",
            "webproxy_profile": "",
            "wsso": "",
            "ztna_ems_tag": [],
            "ztna_geo_tag": [],
            "ztna_status": ""
          },
          "sensitive_attributes": [],
          "private": "bnVsbA==",
          "dependencies": [
            "fortios_firewallservice_custom.influxdb",
            "fortios_system_interface.vlan_cidr_calc"
          ]
        }
      ]
    },
    {
      "mode": "managed",
      "type": "fortios_firewall_policy",
      "name": "bastion_til_alt",
      "provider": "provider[\"registry.terraform.io/fortinetdev/fortios\"]",
      "instances": [
        {
          "schema_version": 0,
          "attributes": {
            "action": "accept",
            "anti_replay": "enable",
            "app_category": [],
            "app_group": [],
            "application": [],
            "application_list": "",
            "auth_cert": "",
            "auth_path": "disable",
            "auth_redirect_addr": "",
            "auto_asic_offload": "enable",
            "av_profile": "",
            "block_notification": "disable",
            "captive_portal_exempt": "disable",
            "capture_packet": "disable",
            "cifs_profile": "",
            "comments": "",
            "custom_log_fields": [],
            "decrypted_traffic_mirror": "",
            "delay_tcp_npu_session": "disable",
            "devices": [],
            "diffserv_copy": "",
            "diffserv_forward": "disable",
            "diffserv_reverse": "disable",
            "diffservcode_forward": "000000",
            "diffservcode_rev": "000000",
            "disclaimer": "disable",
            "dlp_profile": "",
            "dlp_sensor": "",
            "dnsfilter_profile": "",
            "dsri": "disable",
            "dstaddr": [
              {
                "name": "all"
              }
            ],
            "dstaddr6": [],
            "dstaddr6_negate": "",
            "dstaddr_negate": "disable",
            "dstintf": [
              {
                "name": "bastion"
              },
              {
                "name": "dns"
              },
              {
                "name": "gitlab"
              },
              {
                "name": "k8s"
              },
              {
                "name": "vmware"
              }
            ],
            "dynamic_shaping": "disable",
            "dynamic_sort_subtable": "false",
            "email_collect": "disable",
            "emailfilter_profile": "",
            "fec": "",
            "file_filter_profile": "",
            "firewall_session_dirty": "check-all",
            "fixedport": "disable",
            "fsso": "",
            "fsso_agent_for_ntlm": "",
            "fsso_groups": [],
            "geoip_anycast": "disable",
            "geoip_match": "physical-location",
            "global_label": "",
            "groups": [],
            "http_policy_redirect": "disable",
            "icap_profile": "",
            "id": "15",
            "identity_based_route": "",
            "inbound": "disable",
            "inspection_mode": "flow",
            "internet_service": "disable",
            "internet_service6": "",
            "internet_service6_custom": [],
            "internet_service6_custom_group": [],
            "internet_service6_group": [],
            "internet_service6_name": [],
            "internet_service6_negate": "",
            "internet_service6_src": "",
            "internet_service6_src_custom": [],
            "internet_service6_src_custom_group": [],
            "internet_service6_src_group": [],
            "internet_service6_src_name": [],
            "internet_service6_src_negate": "",
            "internet_service_custom": [],
            "internet_service_custom_group": [],
            "internet_service_group": [],
            "internet_service_id": [],
            "internet_service_name": [],
            "internet_service_negate": "disable",
            "internet_service_src": "disable",
            "internet_service_src_custom": [],
            "internet_service_src_custom_group": [],
            "internet_service_src_group": [],
            "internet_service_src_id": [],
            "internet_service_src_name": [],
            "internet_service_src_negate": "disable",
            "ippool": "disable",
            "ips_sensor": "",
            "label": "",
            "learning_mode": "",
            "logtraffic": "all",
            "logtraffic_start": "disable",
            "match_vip": "disable",
            "match_vip_only": "disable",
            "name": "bastion --\u003e *",
            "nat": "enable",
            "nat46": "",
            "nat64": "",
            "natinbound": "disable",
            "natip": "0.0.0.0 0.0.0.0",
            "natoutbound": "disable",
            "network_service_dynamic": [],
            "network_service_src_dynamic": [],
            "np_acceleration": "enable",
            "ntlm": "disable",
            "ntlm_enabled_browsers": [],
            "ntlm_guest": "disable",
            "outbound": "enable",
            "passive_wan_health_measurement": "",
            "per_ip_shaper": "",
            "permit_any_host": "disable",
            "permit_stun_host": "disable",
            "policy_expiry": "",
            "policy_expiry_date": "",
            "policyid": 15,
            "poolname": [],
            "poolname6": [],
            "profile_group": "",
            "profile_protocol_options": "default",
            "profile_type": "single",
            "radius_mac_auth_bypass": "disable",
            "redirect_url": "",
            "replacemsg_override_group": "",
            "reputation_direction": "destination",
            "reputation_direction6": "",
            "reputation_minimum": 0,
            "reputation_minimum6": 0,
            "rsso": "",
            "rtp_addr": [],
            "rtp_nat": "disable",
            "scan_botnet_connections": "",
            "schedule": "always",
            "schedule_timeout": "disable",
            "sctp_filter_profile": "",
            "send_deny_packet": "disable",
            "service": [
              {
                "name": "ALL"
              }
            ],
            "service_negate": "disable",
            "session_ttl": 0,
            "sgt": [],
            "sgt_check": "",
            "spamfilter_profile": "",
            "src_vendor_mac": [],
            "srcaddr": [
              {
                "name": "all"
              }
            ],
            "srcaddr6": [],
            "srcaddr6_negate": "",
            "srcaddr_negate": "disable",
            "srcintf": [
              {
                "name": "bastion"
              }
            ],
            "ssh_filter_profile": "",
            "ssh_policy_redirect": "disable",
            "ssl_mirror": "",
            "ssl_mirror_intf": [],
            "ssl_ssh_profile": "no-inspection",
            "status": "enable",
            "tcp_mss_receiver": 0,
            "tcp_mss_sender": 0,
            "tcp_session_without_syn": "disable",
            "timeout_send_rst": "disable",
            "tos": "0x00",
            "tos_mask": "0x00",
            "tos_negate": "disable",
            "traffic_shaper": "",
            "traffic_shaper_reverse": "",
            "url_category": [],
            "users": [],
            "utm_status": "disable",
            "uuid": "09878894-524d-51ed-57c8-97ef3ae86e19",
            "vdomparam": null,
            "videofilter_profile": "",
            "vlan_cos_fwd": 255,
            "vlan_cos_rev": 255,
            "vlan_filter": "",
            "voip_profile": "",
            "vpntunnel": "",
            "waf_profile": "",
            "wanopt": "disable",
            "wanopt_detection": "active",
            "wanopt_passive_opt": "default",
            "wanopt_peer": "",
            "wanopt_profile": "",
            "wccp": "disable",
            "webcache": "disable",
            "webcache_https": "disable",
            "webfilter_profile": "",
            "webproxy_forward_server": "",
            "webproxy_profile": "",
            "wsso": "",
            "ztna_ems_tag": [],
            "ztna_geo_tag": [],
            "ztna_status": ""
          },
          "sensitive_attributes": [],
          "private": "bnVsbA==",
          "dependencies": [
            "fortios_system_interface.vlan_cidr_calc"
          ]
        }
      ]
    },
    {
      "mode": "managed",
      "type": "fortios_firewall_policy",
      "name": "lan_wifi_to_idrac_ilo",
      "provider": "provider[\"registry.terraform.io/fortinetdev/fortios\"]",
      "instances": [
        {
          "schema_version": 0,
          "attributes": {
            "action": "accept",
            "anti_replay": "enable",
            "app_category": [],
            "app_group": [],
            "application": [],
            "application_list": "",
            "auth_cert": "",
            "auth_path": "disable",
            "auth_redirect_addr": "",
            "auto_asic_offload": "enable",
            "av_profile": "",
            "block_notification": "disable",
            "captive_portal_exempt": "disable",
            "capture_packet": "disable",
            "cifs_profile": "",
            "comments": "",
            "custom_log_fields": [],
            "decrypted_traffic_mirror": "",
            "delay_tcp_npu_session": "disable",
            "devices": [],
            "diffserv_copy": "",
            "diffserv_forward": "disable",
            "diffserv_reverse": "disable",
            "diffservcode_forward": "000000",
            "diffservcode_rev": "000000",
            "disclaimer": "disable",
            "dlp_profile": "",
            "dlp_sensor": "",
            "dnsfilter_profile": "",
            "dsri": "disable",
            "dstaddr": [
              {
                "name": "all"
              }
            ],
            "dstaddr6": [],
            "dstaddr6_negate": "",
            "dstaddr_negate": "disable",
            "dstintf": [
              {
                "name": "idrac_Ilo"
              }
            ],
            "dynamic_shaping": "disable",
            "dynamic_sort_subtable": "false",
            "email_collect": "disable",
            "emailfilter_profile": "",
            "fec": "",
            "file_filter_profile": "",
            "firewall_session_dirty": "check-all",
            "fixedport": "disable",
            "fsso": "",
            "fsso_agent_for_ntlm": "",
            "fsso_groups": [],
            "geoip_anycast": "disable",
            "geoip_match": "physical-location",
            "global_label": "",
            "groups": [],
            "http_policy_redirect": "disable",
            "icap_profile": "",
            "id": "8",
            "identity_based_route": "",
            "inbound": "disable",
            "inspection_mode": "flow",
            "internet_service": "disable",
            "internet_service6": "",
            "internet_service6_custom": [],
            "internet_service6_custom_group": [],
            "internet_service6_group": [],
            "internet_service6_name": [],
            "internet_service6_negate": "",
            "internet_service6_src": "",
            "internet_service6_src_custom": [],
            "internet_service6_src_custom_group": [],
            "internet_service6_src_group": [],
            "internet_service6_src_name": [],
            "internet_service6_src_negate": "",
            "internet_service_custom": [],
            "internet_service_custom_group": [],
            "internet_service_group": [],
            "internet_service_id": [],
            "internet_service_name": [],
            "internet_service_negate": "disable",
            "internet_service_src": "disable",
            "internet_service_src_custom": [],
            "internet_service_src_custom_group": [],
            "internet_service_src_group": [],
            "internet_service_src_id": [],
            "internet_service_src_name": [],
            "internet_service_src_negate": "disable",
            "ippool": "disable",
            "ips_sensor": "",
            "label": "",
            "learning_mode": "",
            "logtraffic": "all",
            "logtraffic_start": "disable",
            "match_vip": "disable",
            "match_vip_only": "disable",
            "name": "wifi - idrac_ilo",
            "nat": "enable",
            "nat46": "",
            "nat64": "",
            "natinbound": "disable",
            "natip": "0.0.0.0 0.0.0.0",
            "natoutbound": "disable",
            "network_service_dynamic": [],
            "network_service_src_dynamic": [],
            "np_acceleration": "enable",
            "ntlm": "disable",
            "ntlm_enabled_browsers": [],
            "ntlm_guest": "disable",
            "outbound": "enable",
            "passive_wan_health_measurement": "",
            "per_ip_shaper": "",
            "permit_any_host": "disable",
            "permit_stun_host": "disable",
            "policy_expiry": "",
            "policy_expiry_date": "",
            "policyid": 8,
            "poolname": [],
            "poolname6": [],
            "profile_group": "",
            "profile_protocol_options": "default",
            "profile_type": "single",
            "radius_mac_auth_bypass": "disable",
            "redirect_url": "",
            "replacemsg_override_group": "",
            "reputation_direction": "destination",
            "reputation_direction6": "",
            "reputation_minimum": 0,
            "reputation_minimum6": 0,
            "rsso": "",
            "rtp_addr": [],
            "rtp_nat": "disable",
            "scan_botnet_connections": "",
            "schedule": "always",
            "schedule_timeout": "disable",
            "sctp_filter_profile": "",
            "send_deny_packet": "disable",
            "service": [
              {
                "name": "ALL"
              }
            ],
            "service_negate": "disable",
            "session_ttl": 0,
            "sgt": [],
            "sgt_check": "",
            "spamfilter_profile": "",
            "src_vendor_mac": [],
            "srcaddr": [
              {
                "name": "all"
              }
            ],
            "srcaddr6": [],
            "srcaddr6_negate": "",
            "srcaddr_negate": "disable",
            "srcintf": [
              {
                "name": "R21B_Wifi"
              }
            ],
            "ssh_filter_profile": "",
            "ssh_policy_redirect": "disable",
            "ssl_mirror": "",
            "ssl_mirror_intf": [],
            "ssl_ssh_profile": "no-inspection",
            "status": "enable",
            "tcp_mss_receiver": 0,
            "tcp_mss_sender": 0,
            "tcp_session_without_syn": "disable",
            "timeout_send_rst": "disable",
            "tos": "0x00",
            "tos_mask": "0x00",
            "tos_negate": "disable",
            "traffic_shaper": "",
            "traffic_shaper_reverse": "",
            "url_category": [],
            "users": [],
            "utm_status": "disable",
            "uuid": "0936b9d2-524d-51ed-e3a0-5f54250c145a",
            "vdomparam": null,
            "videofilter_profile": "",
            "vlan_cos_fwd": 255,
            "vlan_cos_rev": 255,
            "vlan_filter": "",
            "voip_profile": "",
            "vpntunnel": "",
            "waf_profile": "",
            "wanopt": "disable",
            "wanopt_detection": "active",
            "wanopt_passive_opt": "default",
            "wanopt_peer": "",
            "wanopt_profile": "",
            "wccp": "disable",
            "webcache": "disable",
            "webcache_https": "disable",
            "webfilter_profile": "",
            "webproxy_forward_server": "",
            "webproxy_profile": "",
            "wsso": "",
            "ztna_ems_tag": [],
            "ztna_geo_tag": [],
            "ztna_status": ""
          },
          "sensitive_attributes": [],
          "private": "bnVsbA=="
        }
      ]
    },
    {
      "mode": "managed",
      "type": "fortios_firewall_policy",
      "name": "wifi_switches",
      "provider": "provider[\"registry.terraform.io/fortinetdev/fortios\"]",
      "instances": [
        {
          "schema_version": 0,
          "attributes": {
            "action": "accept",
            "anti_replay": "enable",
            "app_category": [],
            "app_group": [],
            "application": [],
            "application_list": "",
            "auth_cert": "",
            "auth_path": "disable",
            "auth_redirect_addr": "",
            "auto_asic_offload": "enable",
            "av_profile": "",
            "block_notification": "disable",
            "captive_portal_exempt": "disable",
            "capture_packet": "disable",
            "cifs_profile": "",
            "comments": "",
            "custom_log_fields": [],
            "decrypted_traffic_mirror": "",
            "delay_tcp_npu_session": "disable",
            "devices": [],
            "diffserv_copy": "",
            "diffserv_forward": "disable",
            "diffserv_reverse": "disable",
            "diffservcode_forward": "000000",
            "diffservcode_rev": "000000",
            "disclaimer": "disable",
            "dlp_profile": "",
            "dlp_sensor": "",
            "dnsfilter_profile": "",
            "dsri": "disable",
            "dstaddr": [
              {
                "name": "all"
              }
            ],
            "dstaddr6": [],
            "dstaddr6_negate": "",
            "dstaddr_negate": "disable",
            "dstintf": [
              {
                "name": "switches"
              }
            ],
            "dynamic_shaping": "disable",
            "dynamic_sort_subtable": "false",
            "email_collect": "disable",
            "emailfilter_profile": "",
            "fec": "",
            "file_filter_profile": "",
            "firewall_session_dirty": "check-all",
            "fixedport": "disable",
            "fsso": "",
            "fsso_agent_for_ntlm": "",
            "fsso_groups": [],
            "geoip_anycast": "disable",
            "geoip_match": "physical-location",
            "global_label": "",
            "groups": [],
            "http_policy_redirect": "disable",
            "icap_profile": "",
            "id": "9",
            "identity_based_route": "",
            "inbound": "disable",
            "inspection_mode": "flow",
            "internet_service": "disable",
            "internet_service6": "",
            "internet_service6_custom": [],
            "internet_service6_custom_group": [],
            "internet_service6_group": [],
            "internet_service6_name": [],
            "internet_service6_negate": "",
            "internet_service6_src": "",
            "internet_service6_src_custom": [],
            "internet_service6_src_custom_group": [],
            "internet_service6_src_group": [],
            "internet_service6_src_name": [],
            "internet_service6_src_negate": "",
            "internet_service_custom": [],
            "internet_service_custom_group": [],
            "internet_service_group": [],
            "internet_service_id": [],
            "internet_service_name": [],
            "internet_service_negate": "disable",
            "internet_service_src": "disable",
            "internet_service_src_custom": [],
            "internet_service_src_custom_group": [],
            "internet_service_src_group": [],
            "internet_service_src_id": [],
            "internet_service_src_name": [],
            "internet_service_src_negate": "disable",
            "ippool": "disable",
            "ips_sensor": "",
            "label": "",
            "learning_mode": "",
            "logtraffic": "all",
            "logtraffic_start": "disable",
            "match_vip": "disable",
            "match_vip_only": "disable",
            "name": "WIFI -\u003e Switches",
            "nat": "enable",
            "nat46": "",
            "nat64": "",
            "natinbound": "disable",
            "natip": "0.0.0.0 0.0.0.0",
            "natoutbound": "disable",
            "network_service_dynamic": [],
            "network_service_src_dynamic": [],
            "np_acceleration": "enable",
            "ntlm": "disable",
            "ntlm_enabled_browsers": [],
            "ntlm_guest": "disable",
            "outbound": "enable",
            "passive_wan_health_measurement": "",
            "per_ip_shaper": "",
            "permit_any_host": "disable",
            "permit_stun_host": "disable",
            "policy_expiry": "",
            "policy_expiry_date": "",
            "policyid": 9,
            "poolname": [],
            "poolname6": [],
            "profile_group": "",
            "profile_protocol_options": "default",
            "profile_type": "single",
            "radius_mac_auth_bypass": "disable",
            "redirect_url": "",
            "replacemsg_override_group": "",
            "reputation_direction": "destination",
            "reputation_direction6": "",
            "reputation_minimum": 0,
            "reputation_minimum6": 0,
            "rsso": "",
            "rtp_addr": [],
            "rtp_nat": "disable",
            "scan_botnet_connections": "",
            "schedule": "always",
            "schedule_timeout": "disable",
            "sctp_filter_profile": "",
            "send_deny_packet": "disable",
            "service": [
              {
                "name": "ALL"
              }
            ],
            "service_negate": "disable",
            "session_ttl": 0,
            "sgt": [],
            "sgt_check": "",
            "spamfilter_profile": "",
            "src_vendor_mac": [],
            "srcaddr": [
              {
                "name": "all"
              }
            ],
            "srcaddr6": [],
            "srcaddr6_negate": "",
            "srcaddr_negate": "disable",
            "srcintf": [
              {
                "name": "R21B_Wifi"
              }
            ],
            "ssh_filter_profile": "",
            "ssh_policy_redirect": "disable",
            "ssl_mirror": "",
            "ssl_mirror_intf": [],
            "ssl_ssh_profile": "no-inspection",
            "status": "enable",
            "tcp_mss_receiver": 0,
            "tcp_mss_sender": 0,
            "tcp_session_without_syn": "disable",
            "timeout_send_rst": "disable",
            "tos": "0x00",
            "tos_mask": "0x00",
            "tos_negate": "disable",
            "traffic_shaper": "",
            "traffic_shaper_reverse": "",
            "url_category": [],
            "users": [],
            "utm_status": "disable",
            "uuid": "0937edde-524d-51ed-643a-ed2819c7a97c",
            "vdomparam": null,
            "videofilter_profile": "",
            "vlan_cos_fwd": 255,
            "vlan_cos_rev": 255,
            "vlan_filter": "",
            "voip_profile": "",
            "vpntunnel": "",
            "waf_profile": "",
            "wanopt": "disable",
            "wanopt_detection": "active",
            "wanopt_passive_opt": "default",
            "wanopt_peer": "",
            "wanopt_profile": "",
            "wccp": "disable",
            "webcache": "disable",
            "webcache_https": "disable",
            "webfilter_profile": "",
            "webproxy_forward_server": "",
            "webproxy_profile": "",
            "wsso": "",
            "ztna_ems_tag": [],
            "ztna_geo_tag": [],
            "ztna_status": ""
          },
          "sensitive_attributes": [],
          "private": "bnVsbA=="
        }
      ]
    },
    {
      "mode": "managed",
      "type": "fortios_firewall_policy",
      "name": "wifi_to_all",
      "provider": "provider[\"registry.terraform.io/fortinetdev/fortios\"]",
      "instances": [
        {
          "schema_version": 0,
          "attributes": {
            "action": "accept",
            "anti_replay": "enable",
            "app_category": [],
            "app_group": [],
            "application": [],
            "application_list": "",
            "auth_cert": "",
            "auth_path": "disable",
            "auth_redirect_addr": "",
            "auto_asic_offload": "enable",
            "av_profile": "",
            "block_notification": "disable",
            "captive_portal_exempt": "disable",
            "capture_packet": "disable",
            "cifs_profile": "",
            "comments": "",
            "custom_log_fields": [],
            "decrypted_traffic_mirror": "",
            "delay_tcp_npu_session": "disable",
            "devices": [],
            "diffserv_copy": "",
            "diffserv_forward": "disable",
            "diffserv_reverse": "disable",
            "diffservcode_forward": "000000",
            "diffservcode_rev": "000000",
            "disclaimer": "disable",
            "dlp_profile": "",
            "dlp_sensor": "",
            "dnsfilter_profile": "",
            "dsri": "disable",
            "dstaddr": [
              {
                "name": "all"
              }
            ],
            "dstaddr6": [],
            "dstaddr6_negate": "",
            "dstaddr_negate": "disable",
            "dstintf": [
              {
                "name": "bastion"
              },
              {
                "name": "dns"
              },
              {
                "name": "gitlab"
              },
              {
                "name": "k8s"
              },
              {
                "name": "vmware"
              }
            ],
            "dynamic_shaping": "disable",
            "dynamic_sort_subtable": "false",
            "email_collect": "disable",
            "emailfilter_profile": "",
            "fec": "",
            "file_filter_profile": "",
            "firewall_session_dirty": "check-all",
            "fixedport": "disable",
            "fsso": "",
            "fsso_agent_for_ntlm": "",
            "fsso_groups": [],
            "geoip_anycast": "disable",
            "geoip_match": "physical-location",
            "global_label": "",
            "groups": [],
            "http_policy_redirect": "disable",
            "icap_profile": "",
            "id": "11",
            "identity_based_route": "",
            "inbound": "disable",
            "inspection_mode": "flow",
            "internet_service": "disable",
            "internet_service6": "",
            "internet_service6_custom": [],
            "internet_service6_custom_group": [],
            "internet_service6_group": [],
            "internet_service6_name": [],
            "internet_service6_negate": "",
            "internet_service6_src": "",
            "internet_service6_src_custom": [],
            "internet_service6_src_custom_group": [],
            "internet_service6_src_group": [],
            "internet_service6_src_name": [],
            "internet_service6_src_negate": "",
            "internet_service_custom": [],
            "internet_service_custom_group": [],
            "internet_service_group": [],
            "internet_service_id": [],
            "internet_service_name": [],
            "internet_service_negate": "disable",
            "internet_service_src": "disable",
            "internet_service_src_custom": [],
            "internet_service_src_custom_group": [],
            "internet_service_src_group": [],
            "internet_service_src_id": [],
            "internet_service_src_name": [],
            "internet_service_src_negate": "disable",
            "ippool": "disable",
            "ips_sensor": "",
            "label": "",
            "learning_mode": "",
            "logtraffic": "all",
            "logtraffic_start": "disable",
            "match_vip": "disable",
            "match_vip_only": "disable",
            "name": "wifi --\u003e *",
            "nat": "enable",
            "nat46": "",
            "nat64": "",
            "natinbound": "disable",
            "natip": "0.0.0.0 0.0.0.0",
            "natoutbound": "disable",
            "network_service_dynamic": [],
            "network_service_src_dynamic": [],
            "np_acceleration": "enable",
            "ntlm": "disable",
            "ntlm_enabled_browsers": [],
            "ntlm_guest": "disable",
            "outbound": "enable",
            "passive_wan_health_measurement": "",
            "per_ip_shaper": "",
            "permit_any_host": "disable",
            "permit_stun_host": "disable",
            "policy_expiry": "",
            "policy_expiry_date": "",
            "policyid": 11,
            "poolname": [],
            "poolname6": [],
            "profile_group": "",
            "profile_protocol_options": "default",
            "profile_type": "single",
            "radius_mac_auth_bypass": "disable",
            "redirect_url": "",
            "replacemsg_override_group": "",
            "reputation_direction": "destination",
            "reputation_direction6": "",
            "reputation_minimum": 0,
            "reputation_minimum6": 0,
            "rsso": "",
            "rtp_addr": [],
            "rtp_nat": "disable",
            "scan_botnet_connections": "",
            "schedule": "always",
            "schedule_timeout": "disable",
            "sctp_filter_profile": "",
            "send_deny_packet": "disable",
            "service": [
              {
                "name": "ALL"
              }
            ],
            "service_negate": "disable",
            "session_ttl": 0,
            "sgt": [],
            "sgt_check": "",
            "spamfilter_profile": "",
            "src_vendor_mac": [],
            "srcaddr": [
              {
                "name": "all"
              }
            ],
            "srcaddr6": [],
            "srcaddr6_negate": "",
            "srcaddr_negate": "disable",
            "srcintf": [
              {
                "name": "R21B_Wifi"
              }
            ],
            "ssh_filter_profile": "",
            "ssh_policy_redirect": "disable",
            "ssl_mirror": "",
            "ssl_mirror_intf": [],
            "ssl_ssh_profile": "no-inspection",
            "status": "enable",
            "tcp_mss_receiver": 0,
            "tcp_mss_sender": 0,
            "tcp_session_without_syn": "disable",
            "timeout_send_rst": "disable",
            "tos": "0x00",
            "tos_mask": "0x00",
            "tos_negate": "disable",
            "traffic_shaper": "",
            "traffic_shaper_reverse": "",
            "url_category": [],
            "users": [],
            "utm_status": "disable",
            "uuid": "09811c20-524d-51ed-cc17-b165b329b326",
            "vdomparam": null,
            "videofilter_profile": "",
            "vlan_cos_fwd": 255,
            "vlan_cos_rev": 255,
            "vlan_filter": "",
            "voip_profile": "",
            "vpntunnel": "",
            "waf_profile": "",
            "wanopt": "disable",
            "wanopt_detection": "active",
            "wanopt_passive_opt": "default",
            "wanopt_peer": "",
            "wanopt_profile": "",
            "wccp": "disable",
            "webcache": "disable",
            "webcache_https": "disable",
            "webfilter_profile": "",
            "webproxy_forward_server": "",
            "webproxy_profile": "",
            "wsso": "",
            "ztna_ems_tag": [],
            "ztna_geo_tag": [],
            "ztna_status": ""
          },
          "sensitive_attributes": [],
          "private": "bnVsbA==",
          "dependencies": [
            "fortios_system_interface.vlan_cidr_calc"
          ]
        }
      ]
    },
    {
      "mode": "managed",
      "type": "fortios_firewallservice_custom",
      "name": "influxdb",
      "provider": "provider[\"registry.terraform.io/fortinetdev/fortios\"]",
      "instances": [
        {
          "schema_version": 0,
          "attributes": {
            "app_category": [],
            "app_service_type": "disable",
            "application": [],
            "category": "General",
            "check_reset_range": "default",
            "color": 0,
            "comment": "",
            "dynamic_sort_subtable": "false",
            "fabric_object": "disable",
            "fqdn": "",
            "helper": "auto",
            "icmpcode": 0,
            "icmptype": 0,
            "id": "influxdb",
            "iprange": "0.0.0.0",
            "name": "influxdb",
            "protocol": "TCP/UDP/SCTP",
            "protocol_number": 0,
            "proxy": "disable",
            "sctp_portrange": "",
            "session_ttl": 0,
            "tcp_halfclose_timer": 0,
            "tcp_halfopen_timer": 0,
            "tcp_portrange": "8086",
            "tcp_rst_timer": 0,
            "tcp_timewait_timer": 0,
            "udp_idle_timer": 0,
            "udp_portrange": "",
            "vdomparam": null,
            "visibility": "enable"
          },
          "sensitive_attributes": [],
          "private": "bnVsbA=="
        }
      ]
    },
    {
      "mode": "managed",
      "type": "fortios_firewallservice_custom",
      "name": "sonarr_radarr_jackett",
      "provider": "provider[\"registry.terraform.io/fortinetdev/fortios\"]",
      "instances": [
        {
          "schema_version": 0,
          "attributes": {
            "app_category": [],
            "app_service_type": "disable",
            "application": [],
            "category": "General",
            "check_reset_range": "default",
            "color": 0,
            "comment": "",
            "dynamic_sort_subtable": "false",
            "fabric_object": "disable",
            "fqdn": "",
            "helper": "auto",
            "icmpcode": 0,
            "icmptype": 0,
            "id": "sonarr_radarr_jackett",
            "iprange": "0.0.0.0",
            "name": "sonarr_radarr_jackett",
            "protocol": "TCP/UDP/SCTP",
            "protocol_number": 0,
            "proxy": "disable",
            "sctp_portrange": "",
            "session_ttl": 0,
            "tcp_halfclose_timer": 0,
            "tcp_halfopen_timer": 0,
            "tcp_portrange": "7878-9999",
            "tcp_rst_timer": 0,
            "tcp_timewait_timer": 0,
            "udp_idle_timer": 0,
            "udp_portrange": "",
            "vdomparam": null,
            "visibility": "enable"
          },
          "sensitive_attributes": [],
          "private": "bnVsbA=="
        }
      ]
    },
    {
      "mode": "managed",
      "type": "fortios_system_dnsdatabase",
      "name": "mgmt",
      "provider": "provider[\"registry.terraform.io/fortinetdev/fortios\"]",
      "instances": [
        {
          "schema_version": 0,
          "attributes": {
            "allow_transfer": "",
            "authoritative": "enable",
            "contact": "hostmaster",
            "dns_entry": [
              {
                "canonical_name": "",
                "hostname": "hp3",
                "id": 3,
                "ip": "10.0.0.162",
                "ipv6": "::",
                "preference": 10,
                "status": "enable",
                "ttl": 0,
                "type": "A"
              },
              {
                "canonical_name": "",
                "hostname": "hp1",
                "id": 4,
                "ip": "192.168.13.7",
                "ipv6": "::",
                "preference": 10,
                "status": "enable",
                "ttl": 0,
                "type": "A"
              },
              {
                "canonical_name": "",
                "hostname": "hp2",
                "id": 5,
                "ip": "10.1.1.2",
                "ipv6": "::",
                "preference": 10,
                "status": "enable",
                "ttl": 0,
                "type": "A"
              },
              {
                "canonical_name": "",
                "hostname": "gitlab",
                "id": 6,
                "ip": "10.0.0.130",
                "ipv6": "::",
                "preference": 10,
                "status": "enable",
                "ttl": 0,
                "type": "A"
              },
              {
                "canonical_name": "",
                "hostname": "vcsa",
                "id": 7,
                "ip": "10.0.0.163",
                "ipv6": "::",
                "preference": 10,
                "status": "enable",
                "ttl": 0,
                "type": "A"
              },
              {
                "canonical_name": "",
                "hostname": "vcsa",
                "id": 8,
                "ip": "10.0.0.163",
                "ipv6": "::",
                "preference": 10,
                "status": "enable",
                "ttl": 0,
                "type": "PTR"
              }
            ],
            "domain": "mgmt.nilsen-tech.com",
            "dynamic_sort_subtable": "false",
            "forwarder": "\"1.1.1.1\" ",
            "id": "mgmt.nilsen-tech.com",
            "ip_master": "0.0.0.0",
            "ip_primary": "",
            "name": "mgmt.nilsen-tech.com",
            "primary_name": "dns",
            "rr_max": 16384,
            "source_ip": "0.0.0.0",
            "status": "enable",
            "ttl": 300,
            "type": "master",
            "vdomparam": null,
            "view": "shadow"
          },
          "sensitive_attributes": [],
          "private": "bnVsbA=="
        }
      ]
    },
    {
      "mode": "managed",
      "type": "fortios_system_dnsserver",
      "name": "vmware",
      "provider": "provider[\"registry.terraform.io/fortinetdev/fortios\"]",
      "instances": [
        {
          "schema_version": 0,
          "attributes": {
            "dnsfilter_profile": "",
            "doh": "",
            "id": "vmware",
            "mode": "recursive",
            "name": "vmware",
            "vdomparam": null
          },
          "sensitive_attributes": [],
          "private": "bnVsbA==",
          "dependencies": [
            "fortios_system_interface.vlan_cidr_calc"
          ]
        }
      ]
    },
    {
      "mode": "managed",
      "type": "fortios_system_interface",
      "name": "if",
      "provider": "provider[\"registry.terraform.io/fortinetdev/fortios\"]",
      "instances": [
        {
          "index_key": "DELL1_IDRAC",
          "schema_version": 0,
          "attributes": {
            "ac_name": "",
            "aggregate": "",
            "aggregate_type": "",
            "algorithm": "L4",
            "alias": "DELL1_IDRAC",
            "allowaccess": "",
            "ap_discover": "enable",
            "arpforward": "enable",
            "auth_cert": "",
            "auth_portal_addr": "",
            "auth_type": "auto",
            "auto_auth_extension_device": "disable",
            "autogenerated": null,
            "bandwidth_measure_time": 0,
            "bfd": "global",
            "bfd_desired_min_tx": 250,
            "bfd_detect_mult": 3,
            "bfd_required_min_rx": 250,
            "broadcast_forticlient_discovery": "",
            "broadcast_forward": "disable",
            "captive_portal": 0,
            "cli_conn_status": 0,
            "client_options": [],
            "color": 0,
            "dedicated_to": "none",
            "defaultgw": "enable",
            "description": "Created by Terraform",
            "detected_peer_mtu": 0,
            "detectprotocol": "ping",
            "detectserver": "",
            "device_access_list": "",
            "device_identification": "disable",
            "device_identification_active_scan": "",
            "device_netscan": "",
            "device_user_identification": "enable",
            "devindex": 13,
            "dhcp_classless_route_addition": "",
            "dhcp_client_identifier": "",
            "dhcp_relay_agent_option": "enable",
            "dhcp_relay_interface": "",
            "dhcp_relay_interface_select_method": "auto",
            "dhcp_relay_ip": "",
            "dhcp_relay_link_selection": "",
            "dhcp_relay_request_all_server": "",
            "dhcp_relay_service": "disable",
            "dhcp_relay_type": "regular",
            "dhcp_renew_time": 0,
            "dhcp_snooping_server_list": [],
            "disc_retry_timeout": 1,
            "disconnect_threshold": 0,
            "distance": 5,
            "dns_server_override": "enable",
            "dns_server_protocol": "",
            "drop_fragment": "disable",
            "drop_overlapped_fragment": "disable",
            "dynamic_sort_subtable": "false",
            "eap_ca_cert": "",
            "eap_identity": "",
            "eap_method": "",
            "eap_password": null,
            "eap_supplicant": "",
            "eap_user_cert": "",
            "egress_shaping_profile": "",
            "endpoint_compliance": "",
            "estimated_downstream_bandwidth": 0,
            "estimated_upstream_bandwidth": 0,
            "explicit_ftp_proxy": "disable",
            "explicit_web_proxy": "disable",
            "external": "disable",
            "fail_action_on_extender": "soft-restart",
            "fail_alert_interfaces": [],
            "fail_alert_method": "link-down",
            "fail_detect": "disable",
            "fail_detect_option": "link-down",
            "fortiheartbeat": "",
            "fortilink": "disable",
            "fortilink_backup_link": 0,
            "fortilink_neighbor_detect": "fortilink",
            "fortilink_split_interface": "enable",
            "fortilink_stacking": "enable",
            "forward_domain": 0,
            "forward_error_correction": "",
            "gwdetect": "disable",
            "ha_priority": 1,
            "icmp_accept_redirect": "enable",
            "icmp_send_redirect": "enable",
            "id": "port14",
            "ident_accept": "disable",
            "idle_timeout": 0,
            "ike_saml_server": "",
            "inbandwidth": 0,
            "ingress_shaping_profile": "",
            "ingress_spillover_threshold": 0,
            "interface": "",
            "internal": 0,
            "ip": "0.0.0.0 0.0.0.0",
            "ip_managed_by_fortiipam": "disable",
            "ipmac": "disable",
            "ips_sniffer_mode": "disable",
            "ipunnumbered": "0.0.0.0",
            "ipv6": [
              {
                "autoconf": "disable",
                "cli_conn6_status": 0,
                "dhcp6_client_options": "",
                "dhcp6_iapd_list": [],
                "dhcp6_information_request": "disable",
                "dhcp6_prefix_delegation": "disable",
                "dhcp6_prefix_hint": "::/0",
                "dhcp6_prefix_hint_plt": 604800,
                "dhcp6_prefix_hint_vlt": 2592000,
                "dhcp6_relay_ip": "",
                "dhcp6_relay_service": "disable",
                "dhcp6_relay_type": "regular",
                "icmp6_send_redirect": "enable",
                "interface_identifier": "::",
                "ip6_address": "::/0",
                "ip6_allowaccess": "",
                "ip6_default_life": 1800,
                "ip6_delegated_prefix_iaid": 0,
                "ip6_delegated_prefix_list": [],
                "ip6_dns_server_override": "enable",
                "ip6_extra_addr": [],
                "ip6_hop_limit": 0,
                "ip6_link_mtu": 0,
                "ip6_manage_flag": "disable",
                "ip6_max_interval": 600,
                "ip6_min_interval": 198,
                "ip6_mode": "static",
                "ip6_other_flag": "disable",
                "ip6_prefix_list": [],
                "ip6_prefix_mode": "",
                "ip6_reachable_time": 0,
                "ip6_retrans_time": 0,
                "ip6_send_adv": "disable",
                "ip6_subnet": "::/0",
                "ip6_upstream_interface": "",
                "nd_cert": "",
                "nd_cga_modifier": "0065636473612D776974682D73686132",
                "nd_mode": "basic",
                "nd_security_level": 0,
                "nd_timestamp_delta": 300,
                "nd_timestamp_fuzz": 1,
                "ra_send_mtu": "enable",
                "unique_autoconf_addr": "disable",
                "vrip6_link_local": "::",
                "vrrp6": [],
                "vrrp_virtual_mac6": "disable"
              }
            ],
            "l2forward": "disable",
            "lacp_ha_secondary": "",
            "lacp_ha_slave": "enable",
            "lacp_mode": "active",
            "lacp_speed": "slow",
            "lcp_echo_interval": 5,
            "lcp_max_echo_fails": 3,
            "link_up_delay": 50,
            "lldp_network_policy": "",
            "lldp_reception": "vdom",
            "lldp_transmission": "vdom",
            "macaddr": "",
            "managed_device": [],
            "managed_subnetwork_size": "256",
            "management_ip": "0.0.0.0 0.0.0.0",
            "measured_downstream_bandwidth": 0,
            "measured_upstream_bandwidth": 0,
            "mediatype": "serdes-sfp",
            "member": [],
            "min_links": 1,
            "min_links_down": "operational",
            "mode": "static",
            "monitor_bandwidth": "disable",
            "mtu": 1500,
            "mtu_override": "disable",
            "name": "port14",
            "ndiscforward": "enable",
            "netbios_forward": "disable",
            "netflow_sampler": "disable",
            "outbandwidth": 0,
            "padt_retry_timeout": 1,
            "password": null,
            "ping_serv_status": 0,
            "polling_interval": 20,
            "pppoe_unnumbered_negotiate": "enable",
            "pptp_auth_type": "auto",
            "pptp_client": "disable",
            "pptp_password": null,
            "pptp_server_ip": "0.0.0.0",
            "pptp_timeout": 0,
            "pptp_user": "",
            "preserve_session_route": "disable",
            "priority": 0,
            "priority_override": "enable",
            "proxy_captive_portal": "disable",
            "reachable_time": 0,
            "redundant_interface": "",
            "remote_ip": "0.0.0.0 0.0.0.0",
            "replacemsg_override_group": "",
            "ring_rx": 0,
            "ring_tx": 0,
            "role": "lan",
            "sample_direction": "both",
            "sample_rate": 2000,
            "scan_botnet_connections": "",
            "secondary_ip": "disable",
            "secondaryip": [],
            "security_exempt_list": "",
            "security_external_logout": "",
            "security_external_web": "",
            "security_groups": [],
            "security_mac_auth_bypass": "disable",
            "security_mode": "none",
            "security_redirect_url": "",
            "service_name": "",
            "sflow_sampler": "disable",
            "snmp_index": 16,
            "speed": "auto",
            "spillover_threshold": 0,
            "src_check": "enable",
            "status": "up",
            "stp": "",
            "stp_ha_secondary": "",
            "stpforward": "disable",
            "stpforward_mode": "rpl-all-ext-id",
            "subst": "disable",
            "substitute_dst_mac": "00:00:00:00:00:00",
            "swc_first_create": 0,
            "swc_vlan": 0,
            "switch": "idrac_Ilo",
            "switch_controller_access_vlan": "disable",
            "switch_controller_arp_inspection": "disable",
            "switch_controller_dhcp_snooping": "disable",
            "switch_controller_dhcp_snooping_option82": "disable",
            "switch_controller_dhcp_snooping_verify_mac": "disable",
            "switch_controller_dynamic": "",
            "switch_controller_feature": "none",
            "switch_controller_igmp_snooping": "disable",
            "switch_controller_igmp_snooping_fast_leave": "disable",
            "switch_controller_igmp_snooping_proxy": "disable",
            "switch_controller_iot_scanning": "disable",
            "switch_controller_learning_limit": 0,
            "switch_controller_mgmt_vlan": 4094,
            "switch_controller_nac": "",
            "switch_controller_netflow_collect": "",
            "switch_controller_rspan_mode": "disable",
            "switch_controller_source_ip": "outbound",
            "switch_controller_traffic_policy": "",
            "system_id": "00:00:00:00:00:00",
            "system_id_type": "auto",
            "tagging": [],
            "tcp_mss": 0,
            "trunk": "",
            "trust_ip6_1": "::/0",
            "trust_ip6_2": "::/0",
            "trust_ip6_3": "::/0",
            "trust_ip_1": "0.0.0.0 0.0.0.0",
            "trust_ip_2": "0.0.0.0 0.0.0.0",
            "trust_ip_3": "0.0.0.0 0.0.0.0",
            "type": "physical",
            "username": "",
            "vdom": "root",
            "vdomparam": null,
            "vindex": 0,
            "vlan_protocol": "8021q",
            "vlanforward": "disable",
            "vlanid": 0,
            "vrf": 0,
            "vrrp": [],
            "vrrp_virtual_mac": "disable",
            "wccp": "disable",
            "weight": 0,
            "wins_ip": "0.0.0.0"
          },
          "sensitive_attributes": [],
          "private": "bnVsbA=="
        },
        {
          "index_key": "HP1_ILO",
          "schema_version": 0,
          "attributes": {
            "ac_name": "",
            "aggregate": "",
            "aggregate_type": "",
            "algorithm": "L4",
            "alias": "HP1_ILO",
            "allowaccess": "",
            "ap_discover": "enable",
            "arpforward": "enable",
            "auth_cert": "",
            "auth_portal_addr": "",
            "auth_type": "auto",
            "auto_auth_extension_device": "disable",
            "autogenerated": null,
            "bandwidth_measure_time": 0,
            "bfd": "global",
            "bfd_desired_min_tx": 250,
            "bfd_detect_mult": 3,
            "bfd_required_min_rx": 250,
            "broadcast_forticlient_discovery": "",
            "broadcast_forward": "disable",
            "captive_portal": 0,
            "cli_conn_status": 0,
            "client_options": [],
            "color": 0,
            "dedicated_to": "none",
            "defaultgw": "enable",
            "description": "Created by Terraform",
            "detected_peer_mtu": 0,
            "detectprotocol": "ping",
            "detectserver": "",
            "device_access_list": "",
            "device_identification": "disable",
            "device_identification_active_scan": "",
            "device_netscan": "",
            "device_user_identification": "enable",
            "devindex": 9,
            "dhcp_classless_route_addition": "",
            "dhcp_client_identifier": "",
            "dhcp_relay_agent_option": "enable",
            "dhcp_relay_interface": "",
            "dhcp_relay_interface_select_method": "auto",
            "dhcp_relay_ip": "",
            "dhcp_relay_link_selection": "",
            "dhcp_relay_request_all_server": "",
            "dhcp_relay_service": "disable",
            "dhcp_relay_type": "regular",
            "dhcp_renew_time": 0,
            "dhcp_snooping_server_list": [],
            "disc_retry_timeout": 1,
            "disconnect_threshold": 0,
            "distance": 5,
            "dns_server_override": "enable",
            "dns_server_protocol": "",
            "drop_fragment": "disable",
            "drop_overlapped_fragment": "disable",
            "dynamic_sort_subtable": "false",
            "eap_ca_cert": "",
            "eap_identity": "",
            "eap_method": "",
            "eap_password": null,
            "eap_supplicant": "",
            "eap_user_cert": "",
            "egress_shaping_profile": "",
            "endpoint_compliance": "",
            "estimated_downstream_bandwidth": 0,
            "estimated_upstream_bandwidth": 0,
            "explicit_ftp_proxy": "disable",
            "explicit_web_proxy": "disable",
            "external": "disable",
            "fail_action_on_extender": "soft-restart",
            "fail_alert_interfaces": [],
            "fail_alert_method": "link-down",
            "fail_detect": "disable",
            "fail_detect_option": "link-down",
            "fortiheartbeat": "",
            "fortilink": "disable",
            "fortilink_backup_link": 0,
            "fortilink_neighbor_detect": "fortilink",
            "fortilink_split_interface": "enable",
            "fortilink_stacking": "enable",
            "forward_domain": 0,
            "forward_error_correction": "",
            "gwdetect": "disable",
            "ha_priority": 1,
            "icmp_accept_redirect": "enable",
            "icmp_send_redirect": "enable",
            "id": "port10",
            "ident_accept": "disable",
            "idle_timeout": 0,
            "ike_saml_server": "",
            "inbandwidth": 0,
            "ingress_shaping_profile": "",
            "ingress_spillover_threshold": 0,
            "interface": "",
            "internal": 0,
            "ip": "0.0.0.0 0.0.0.0",
            "ip_managed_by_fortiipam": "disable",
            "ipmac": "disable",
            "ips_sniffer_mode": "disable",
            "ipunnumbered": "0.0.0.0",
            "ipv6": [
              {
                "autoconf": "disable",
                "cli_conn6_status": 0,
                "dhcp6_client_options": "",
                "dhcp6_iapd_list": [],
                "dhcp6_information_request": "disable",
                "dhcp6_prefix_delegation": "disable",
                "dhcp6_prefix_hint": "::/0",
                "dhcp6_prefix_hint_plt": 604800,
                "dhcp6_prefix_hint_vlt": 2592000,
                "dhcp6_relay_ip": "",
                "dhcp6_relay_service": "disable",
                "dhcp6_relay_type": "regular",
                "icmp6_send_redirect": "enable",
                "interface_identifier": "::",
                "ip6_address": "::/0",
                "ip6_allowaccess": "",
                "ip6_default_life": 1800,
                "ip6_delegated_prefix_iaid": 0,
                "ip6_delegated_prefix_list": [],
                "ip6_dns_server_override": "enable",
                "ip6_extra_addr": [],
                "ip6_hop_limit": 0,
                "ip6_link_mtu": 0,
                "ip6_manage_flag": "disable",
                "ip6_max_interval": 600,
                "ip6_min_interval": 198,
                "ip6_mode": "static",
                "ip6_other_flag": "disable",
                "ip6_prefix_list": [],
                "ip6_prefix_mode": "",
                "ip6_reachable_time": 0,
                "ip6_retrans_time": 0,
                "ip6_send_adv": "disable",
                "ip6_subnet": "::/0",
                "ip6_upstream_interface": "",
                "nd_cert": "",
                "nd_cga_modifier": "0065636473612D776974682D73686132",
                "nd_mode": "basic",
                "nd_security_level": 0,
                "nd_timestamp_delta": 300,
                "nd_timestamp_fuzz": 1,
                "ra_send_mtu": "enable",
                "unique_autoconf_addr": "disable",
                "vrip6_link_local": "::",
                "vrrp6": [],
                "vrrp_virtual_mac6": "disable"
              }
            ],
            "l2forward": "disable",
            "lacp_ha_secondary": "",
            "lacp_ha_slave": "enable",
            "lacp_mode": "active",
            "lacp_speed": "slow",
            "lcp_echo_interval": 5,
            "lcp_max_echo_fails": 3,
            "link_up_delay": 50,
            "lldp_network_policy": "",
            "lldp_reception": "vdom",
            "lldp_transmission": "vdom",
            "macaddr": "",
            "managed_device": [],
            "managed_subnetwork_size": "256",
            "management_ip": "0.0.0.0 0.0.0.0",
            "measured_downstream_bandwidth": 0,
            "measured_upstream_bandwidth": 0,
            "mediatype": "serdes-sfp",
            "member": [],
            "min_links": 1,
            "min_links_down": "operational",
            "mode": "static",
            "monitor_bandwidth": "disable",
            "mtu": 1500,
            "mtu_override": "disable",
            "name": "port10",
            "ndiscforward": "enable",
            "netbios_forward": "disable",
            "netflow_sampler": "disable",
            "outbandwidth": 0,
            "padt_retry_timeout": 1,
            "password": null,
            "ping_serv_status": 0,
            "polling_interval": 20,
            "pppoe_unnumbered_negotiate": "enable",
            "pptp_auth_type": "auto",
            "pptp_client": "disable",
            "pptp_password": null,
            "pptp_server_ip": "0.0.0.0",
            "pptp_timeout": 0,
            "pptp_user": "",
            "preserve_session_route": "disable",
            "priority": 0,
            "priority_override": "enable",
            "proxy_captive_portal": "disable",
            "reachable_time": 0,
            "redundant_interface": "",
            "remote_ip": "0.0.0.0 0.0.0.0",
            "replacemsg_override_group": "",
            "ring_rx": 0,
            "ring_tx": 0,
            "role": "undefined",
            "sample_direction": "both",
            "sample_rate": 2000,
            "scan_botnet_connections": "",
            "secondary_ip": "disable",
            "secondaryip": [],
            "security_exempt_list": "",
            "security_external_logout": "",
            "security_external_web": "",
            "security_groups": [],
            "security_mac_auth_bypass": "disable",
            "security_mode": "none",
            "security_redirect_url": "",
            "service_name": "",
            "sflow_sampler": "disable",
            "snmp_index": 12,
            "speed": "auto",
            "spillover_threshold": 0,
            "src_check": "enable",
            "status": "up",
            "stp": "",
            "stp_ha_secondary": "",
            "stpforward": "disable",
            "stpforward_mode": "rpl-all-ext-id",
            "subst": "disable",
            "substitute_dst_mac": "00:00:00:00:00:00",
            "swc_first_create": 0,
            "swc_vlan": 0,
            "switch": "idrac_Ilo",
            "switch_controller_access_vlan": "disable",
            "switch_controller_arp_inspection": "disable",
            "switch_controller_dhcp_snooping": "disable",
            "switch_controller_dhcp_snooping_option82": "disable",
            "switch_controller_dhcp_snooping_verify_mac": "disable",
            "switch_controller_dynamic": "",
            "switch_controller_feature": "none",
            "switch_controller_igmp_snooping": "disable",
            "switch_controller_igmp_snooping_fast_leave": "disable",
            "switch_controller_igmp_snooping_proxy": "disable",
            "switch_controller_iot_scanning": "disable",
            "switch_controller_learning_limit": 0,
            "switch_controller_mgmt_vlan": 4094,
            "switch_controller_nac": "",
            "switch_controller_netflow_collect": "",
            "switch_controller_rspan_mode": "disable",
            "switch_controller_source_ip": "outbound",
            "switch_controller_traffic_policy": "",
            "system_id": "00:00:00:00:00:00",
            "system_id_type": "auto",
            "tagging": [],
            "tcp_mss": 0,
            "trunk": "",
            "trust_ip6_1": "::/0",
            "trust_ip6_2": "::/0",
            "trust_ip6_3": "::/0",
            "trust_ip_1": "0.0.0.0 0.0.0.0",
            "trust_ip_2": "0.0.0.0 0.0.0.0",
            "trust_ip_3": "0.0.0.0 0.0.0.0",
            "type": "physical",
            "username": "",
            "vdom": "root",
            "vdomparam": null,
            "vindex": 0,
            "vlan_protocol": "8021q",
            "vlanforward": "disable",
            "vlanid": 0,
            "vrf": 0,
            "vrrp": [],
            "vrrp_virtual_mac": "disable",
            "wccp": "disable",
            "weight": 0,
            "wins_ip": "0.0.0.0"
          },
          "sensitive_attributes": [],
          "private": "bnVsbA=="
        },
        {
          "index_key": "HP2_ILO",
          "schema_version": 0,
          "attributes": {
            "ac_name": "",
            "aggregate": "",
            "aggregate_type": "",
            "algorithm": "L4",
            "alias": "HP2_ILO",
            "allowaccess": "",
            "ap_discover": "enable",
            "arpforward": "enable",
            "auth_cert": "",
            "auth_portal_addr": "",
            "auth_type": "auto",
            "auto_auth_extension_device": "disable",
            "autogenerated": null,
            "bandwidth_measure_time": 0,
            "bfd": "global",
            "bfd_desired_min_tx": 250,
            "bfd_detect_mult": 3,
            "bfd_required_min_rx": 250,
            "broadcast_forticlient_discovery": "",
            "broadcast_forward": "disable",
            "captive_portal": 0,
            "cli_conn_status": 0,
            "client_options": [],
            "color": 0,
            "dedicated_to": "none",
            "defaultgw": "enable",
            "description": "Created by Terraform",
            "detected_peer_mtu": 0,
            "detectprotocol": "ping",
            "detectserver": "",
            "device_access_list": "",
            "device_identification": "disable",
            "device_identification_active_scan": "",
            "device_netscan": "",
            "device_user_identification": "enable",
            "devindex": 14,
            "dhcp_classless_route_addition": "",
            "dhcp_client_identifier": "",
            "dhcp_relay_agent_option": "enable",
            "dhcp_relay_interface": "",
            "dhcp_relay_interface_select_method": "auto",
            "dhcp_relay_ip": "",
            "dhcp_relay_link_selection": "",
            "dhcp_relay_request_all_server": "",
            "dhcp_relay_service": "disable",
            "dhcp_relay_type": "regular",
            "dhcp_renew_time": 0,
            "dhcp_snooping_server_list": [],
            "disc_retry_timeout": 1,
            "disconnect_threshold": 0,
            "distance": 5,
            "dns_server_override": "enable",
            "dns_server_protocol": "",
            "drop_fragment": "disable",
            "drop_overlapped_fragment": "disable",
            "dynamic_sort_subtable": "false",
            "eap_ca_cert": "",
            "eap_identity": "",
            "eap_method": "",
            "eap_password": null,
            "eap_supplicant": "",
            "eap_user_cert": "",
            "egress_shaping_profile": "",
            "endpoint_compliance": "",
            "estimated_downstream_bandwidth": 0,
            "estimated_upstream_bandwidth": 0,
            "explicit_ftp_proxy": "disable",
            "explicit_web_proxy": "disable",
            "external": "disable",
            "fail_action_on_extender": "soft-restart",
            "fail_alert_interfaces": [],
            "fail_alert_method": "link-down",
            "fail_detect": "disable",
            "fail_detect_option": "link-down",
            "fortiheartbeat": "",
            "fortilink": "disable",
            "fortilink_backup_link": 0,
            "fortilink_neighbor_detect": "fortilink",
            "fortilink_split_interface": "enable",
            "fortilink_stacking": "enable",
            "forward_domain": 0,
            "forward_error_correction": "",
            "gwdetect": "disable",
            "ha_priority": 1,
            "icmp_accept_redirect": "enable",
            "icmp_send_redirect": "enable",
            "id": "port13",
            "ident_accept": "disable",
            "idle_timeout": 0,
            "ike_saml_server": "",
            "inbandwidth": 0,
            "ingress_shaping_profile": "",
            "ingress_spillover_threshold": 0,
            "interface": "",
            "internal": 0,
            "ip": "0.0.0.0 0.0.0.0",
            "ip_managed_by_fortiipam": "disable",
            "ipmac": "disable",
            "ips_sniffer_mode": "disable",
            "ipunnumbered": "0.0.0.0",
            "ipv6": [
              {
                "autoconf": "disable",
                "cli_conn6_status": 0,
                "dhcp6_client_options": "",
                "dhcp6_iapd_list": [],
                "dhcp6_information_request": "disable",
                "dhcp6_prefix_delegation": "disable",
                "dhcp6_prefix_hint": "::/0",
                "dhcp6_prefix_hint_plt": 604800,
                "dhcp6_prefix_hint_vlt": 2592000,
                "dhcp6_relay_ip": "",
                "dhcp6_relay_service": "disable",
                "dhcp6_relay_type": "regular",
                "icmp6_send_redirect": "enable",
                "interface_identifier": "::",
                "ip6_address": "::/0",
                "ip6_allowaccess": "",
                "ip6_default_life": 1800,
                "ip6_delegated_prefix_iaid": 0,
                "ip6_delegated_prefix_list": [],
                "ip6_dns_server_override": "enable",
                "ip6_extra_addr": [],
                "ip6_hop_limit": 0,
                "ip6_link_mtu": 0,
                "ip6_manage_flag": "disable",
                "ip6_max_interval": 600,
                "ip6_min_interval": 198,
                "ip6_mode": "static",
                "ip6_other_flag": "disable",
                "ip6_prefix_list": [],
                "ip6_prefix_mode": "",
                "ip6_reachable_time": 0,
                "ip6_retrans_time": 0,
                "ip6_send_adv": "disable",
                "ip6_subnet": "::/0",
                "ip6_upstream_interface": "",
                "nd_cert": "",
                "nd_cga_modifier": "0065636473612D776974682D73686132",
                "nd_mode": "basic",
                "nd_security_level": 0,
                "nd_timestamp_delta": 300,
                "nd_timestamp_fuzz": 1,
                "ra_send_mtu": "enable",
                "unique_autoconf_addr": "disable",
                "vrip6_link_local": "::",
                "vrrp6": [],
                "vrrp_virtual_mac6": "disable"
              }
            ],
            "l2forward": "disable",
            "lacp_ha_secondary": "",
            "lacp_ha_slave": "enable",
            "lacp_mode": "active",
            "lacp_speed": "slow",
            "lcp_echo_interval": 5,
            "lcp_max_echo_fails": 3,
            "link_up_delay": 50,
            "lldp_network_policy": "",
            "lldp_reception": "vdom",
            "lldp_transmission": "vdom",
            "macaddr": "",
            "managed_device": [],
            "managed_subnetwork_size": "256",
            "management_ip": "0.0.0.0 0.0.0.0",
            "measured_downstream_bandwidth": 0,
            "measured_upstream_bandwidth": 0,
            "mediatype": "serdes-sfp",
            "member": [],
            "min_links": 1,
            "min_links_down": "operational",
            "mode": "static",
            "monitor_bandwidth": "disable",
            "mtu": 1500,
            "mtu_override": "disable",
            "name": "port13",
            "ndiscforward": "enable",
            "netbios_forward": "disable",
            "netflow_sampler": "disable",
            "outbandwidth": 0,
            "padt_retry_timeout": 1,
            "password": null,
            "ping_serv_status": 0,
            "polling_interval": 20,
            "pppoe_unnumbered_negotiate": "enable",
            "pptp_auth_type": "auto",
            "pptp_client": "disable",
            "pptp_password": null,
            "pptp_server_ip": "0.0.0.0",
            "pptp_timeout": 0,
            "pptp_user": "",
            "preserve_session_route": "disable",
            "priority": 0,
            "priority_override": "enable",
            "proxy_captive_portal": "disable",
            "reachable_time": 0,
            "redundant_interface": "",
            "remote_ip": "0.0.0.0 0.0.0.0",
            "replacemsg_override_group": "",
            "ring_rx": 0,
            "ring_tx": 0,
            "role": "undefined",
            "sample_direction": "both",
            "sample_rate": 2000,
            "scan_botnet_connections": "",
            "secondary_ip": "disable",
            "secondaryip": [],
            "security_exempt_list": "",
            "security_external_logout": "",
            "security_external_web": "",
            "security_groups": [],
            "security_mac_auth_bypass": "disable",
            "security_mode": "none",
            "security_redirect_url": "",
            "service_name": "",
            "sflow_sampler": "disable",
            "snmp_index": 15,
            "speed": "auto",
            "spillover_threshold": 0,
            "src_check": "enable",
            "status": "up",
            "stp": "",
            "stp_ha_secondary": "",
            "stpforward": "disable",
            "stpforward_mode": "rpl-all-ext-id",
            "subst": "disable",
            "substitute_dst_mac": "00:00:00:00:00:00",
            "swc_first_create": 0,
            "swc_vlan": 0,
            "switch": "idrac_Ilo",
            "switch_controller_access_vlan": "disable",
            "switch_controller_arp_inspection": "disable",
            "switch_controller_dhcp_snooping": "disable",
            "switch_controller_dhcp_snooping_option82": "disable",
            "switch_controller_dhcp_snooping_verify_mac": "disable",
            "switch_controller_dynamic": "",
            "switch_controller_feature": "none",
            "switch_controller_igmp_snooping": "disable",
            "switch_controller_igmp_snooping_fast_leave": "disable",
            "switch_controller_igmp_snooping_proxy": "disable",
            "switch_controller_iot_scanning": "disable",
            "switch_controller_learning_limit": 0,
            "switch_controller_mgmt_vlan": 4094,
            "switch_controller_nac": "",
            "switch_controller_netflow_collect": "",
            "switch_controller_rspan_mode": "disable",
            "switch_controller_source_ip": "outbound",
            "switch_controller_traffic_policy": "",
            "system_id": "00:00:00:00:00:00",
            "system_id_type": "auto",
            "tagging": [],
            "tcp_mss": 0,
            "trunk": "",
            "trust_ip6_1": "::/0",
            "trust_ip6_2": "::/0",
            "trust_ip6_3": "::/0",
            "trust_ip_1": "0.0.0.0 0.0.0.0",
            "trust_ip_2": "0.0.0.0 0.0.0.0",
            "trust_ip_3": "0.0.0.0 0.0.0.0",
            "type": "physical",
            "username": "",
            "vdom": "root",
            "vdomparam": null,
            "vindex": 0,
            "vlan_protocol": "8021q",
            "vlanforward": "disable",
            "vlanid": 0,
            "vrf": 0,
            "vrrp": [],
            "vrrp_virtual_mac": "disable",
            "wccp": "disable",
            "weight": 0,
            "wins_ip": "0.0.0.0"
          },
          "sensitive_attributes": [],
          "private": "bnVsbA=="
        },
        {
          "index_key": "HP3_ILO",
          "schema_version": 0,
          "attributes": {
            "ac_name": "",
            "aggregate": "",
            "aggregate_type": "",
            "algorithm": "L4",
            "alias": "HP3_ILO",
            "allowaccess": "",
            "ap_discover": "enable",
            "arpforward": "enable",
            "auth_cert": "",
            "auth_portal_addr": "",
            "auth_type": "auto",
            "auto_auth_extension_device": "disable",
            "autogenerated": null,
            "bandwidth_measure_time": 0,
            "bfd": "global",
            "bfd_desired_min_tx": 250,
            "bfd_detect_mult": 3,
            "bfd_required_min_rx": 250,
            "broadcast_forticlient_discovery": "",
            "broadcast_forward": "disable",
            "captive_portal": 0,
            "cli_conn_status": 0,
            "client_options": [],
            "color": 0,
            "dedicated_to": "none",
            "defaultgw": "enable",
            "description": "Created by Terraform",
            "detected_peer_mtu": 0,
            "detectprotocol": "ping",
            "detectserver": "",
            "device_access_list": "",
            "device_identification": "disable",
            "device_identification_active_scan": "",
            "device_netscan": "",
            "device_user_identification": "enable",
            "devindex": 11,
            "dhcp_classless_route_addition": "",
            "dhcp_client_identifier": "",
            "dhcp_relay_agent_option": "enable",
            "dhcp_relay_interface": "",
            "dhcp_relay_interface_select_method": "auto",
            "dhcp_relay_ip": "",
            "dhcp_relay_link_selection": "",
            "dhcp_relay_request_all_server": "",
            "dhcp_relay_service": "disable",
            "dhcp_relay_type": "regular",
            "dhcp_renew_time": 0,
            "dhcp_snooping_server_list": [],
            "disc_retry_timeout": 1,
            "disconnect_threshold": 0,
            "distance": 5,
            "dns_server_override": "enable",
            "dns_server_protocol": "",
            "drop_fragment": "disable",
            "drop_overlapped_fragment": "disable",
            "dynamic_sort_subtable": "false",
            "eap_ca_cert": "",
            "eap_identity": "",
            "eap_method": "",
            "eap_password": null,
            "eap_supplicant": "",
            "eap_user_cert": "",
            "egress_shaping_profile": "",
            "endpoint_compliance": "",
            "estimated_downstream_bandwidth": 0,
            "estimated_upstream_bandwidth": 0,
            "explicit_ftp_proxy": "disable",
            "explicit_web_proxy": "disable",
            "external": "disable",
            "fail_action_on_extender": "soft-restart",
            "fail_alert_interfaces": [],
            "fail_alert_method": "link-down",
            "fail_detect": "disable",
            "fail_detect_option": "link-down",
            "fortiheartbeat": "",
            "fortilink": "disable",
            "fortilink_backup_link": 0,
            "fortilink_neighbor_detect": "fortilink",
            "fortilink_split_interface": "enable",
            "fortilink_stacking": "enable",
            "forward_domain": 0,
            "forward_error_correction": "",
            "gwdetect": "disable",
            "ha_priority": 1,
            "icmp_accept_redirect": "enable",
            "icmp_send_redirect": "enable",
            "id": "port12",
            "ident_accept": "disable",
            "idle_timeout": 0,
            "ike_saml_server": "",
            "inbandwidth": 0,
            "ingress_shaping_profile": "",
            "ingress_spillover_threshold": 0,
            "interface": "",
            "internal": 0,
            "ip": "0.0.0.0 0.0.0.0",
            "ip_managed_by_fortiipam": "disable",
            "ipmac": "disable",
            "ips_sniffer_mode": "disable",
            "ipunnumbered": "0.0.0.0",
            "ipv6": [
              {
                "autoconf": "disable",
                "cli_conn6_status": 0,
                "dhcp6_client_options": "",
                "dhcp6_iapd_list": [],
                "dhcp6_information_request": "disable",
                "dhcp6_prefix_delegation": "disable",
                "dhcp6_prefix_hint": "::/0",
                "dhcp6_prefix_hint_plt": 604800,
                "dhcp6_prefix_hint_vlt": 2592000,
                "dhcp6_relay_ip": "",
                "dhcp6_relay_service": "disable",
                "dhcp6_relay_type": "regular",
                "icmp6_send_redirect": "enable",
                "interface_identifier": "::",
                "ip6_address": "::/0",
                "ip6_allowaccess": "",
                "ip6_default_life": 1800,
                "ip6_delegated_prefix_iaid": 0,
                "ip6_delegated_prefix_list": [],
                "ip6_dns_server_override": "enable",
                "ip6_extra_addr": [],
                "ip6_hop_limit": 0,
                "ip6_link_mtu": 0,
                "ip6_manage_flag": "disable",
                "ip6_max_interval": 600,
                "ip6_min_interval": 198,
                "ip6_mode": "static",
                "ip6_other_flag": "disable",
                "ip6_prefix_list": [],
                "ip6_prefix_mode": "",
                "ip6_reachable_time": 0,
                "ip6_retrans_time": 0,
                "ip6_send_adv": "disable",
                "ip6_subnet": "::/0",
                "ip6_upstream_interface": "",
                "nd_cert": "",
                "nd_cga_modifier": "0065636473612D776974682D73686132",
                "nd_mode": "basic",
                "nd_security_level": 0,
                "nd_timestamp_delta": 300,
                "nd_timestamp_fuzz": 1,
                "ra_send_mtu": "enable",
                "unique_autoconf_addr": "disable",
                "vrip6_link_local": "::",
                "vrrp6": [],
                "vrrp_virtual_mac6": "disable"
              }
            ],
            "l2forward": "disable",
            "lacp_ha_secondary": "",
            "lacp_ha_slave": "enable",
            "lacp_mode": "active",
            "lacp_speed": "slow",
            "lcp_echo_interval": 5,
            "lcp_max_echo_fails": 3,
            "link_up_delay": 50,
            "lldp_network_policy": "",
            "lldp_reception": "vdom",
            "lldp_transmission": "vdom",
            "macaddr": "",
            "managed_device": [],
            "managed_subnetwork_size": "256",
            "management_ip": "0.0.0.0 0.0.0.0",
            "measured_downstream_bandwidth": 0,
            "measured_upstream_bandwidth": 0,
            "mediatype": "serdes-sfp",
            "member": [],
            "min_links": 1,
            "min_links_down": "operational",
            "mode": "static",
            "monitor_bandwidth": "disable",
            "mtu": 1500,
            "mtu_override": "disable",
            "name": "port12",
            "ndiscforward": "enable",
            "netbios_forward": "disable",
            "netflow_sampler": "disable",
            "outbandwidth": 0,
            "padt_retry_timeout": 1,
            "password": null,
            "ping_serv_status": 0,
            "polling_interval": 20,
            "pppoe_unnumbered_negotiate": "enable",
            "pptp_auth_type": "auto",
            "pptp_client": "disable",
            "pptp_password": null,
            "pptp_server_ip": "0.0.0.0",
            "pptp_timeout": 0,
            "pptp_user": "",
            "preserve_session_route": "disable",
            "priority": 0,
            "priority_override": "enable",
            "proxy_captive_portal": "disable",
            "reachable_time": 0,
            "redundant_interface": "",
            "remote_ip": "0.0.0.0 0.0.0.0",
            "replacemsg_override_group": "",
            "ring_rx": 0,
            "ring_tx": 0,
            "role": "undefined",
            "sample_direction": "both",
            "sample_rate": 2000,
            "scan_botnet_connections": "",
            "secondary_ip": "disable",
            "secondaryip": [],
            "security_exempt_list": "",
            "security_external_logout": "",
            "security_external_web": "",
            "security_groups": [],
            "security_mac_auth_bypass": "disable",
            "security_mode": "none",
            "security_redirect_url": "",
            "service_name": "",
            "sflow_sampler": "disable",
            "snmp_index": 14,
            "speed": "auto",
            "spillover_threshold": 0,
            "src_check": "enable",
            "status": "up",
            "stp": "",
            "stp_ha_secondary": "",
            "stpforward": "disable",
            "stpforward_mode": "rpl-all-ext-id",
            "subst": "disable",
            "substitute_dst_mac": "00:00:00:00:00:00",
            "swc_first_create": 0,
            "swc_vlan": 0,
            "switch": "idrac_Ilo",
            "switch_controller_access_vlan": "disable",
            "switch_controller_arp_inspection": "disable",
            "switch_controller_dhcp_snooping": "disable",
            "switch_controller_dhcp_snooping_option82": "disable",
            "switch_controller_dhcp_snooping_verify_mac": "disable",
            "switch_controller_dynamic": "",
            "switch_controller_feature": "none",
            "switch_controller_igmp_snooping": "disable",
            "switch_controller_igmp_snooping_fast_leave": "disable",
            "switch_controller_igmp_snooping_proxy": "disable",
            "switch_controller_iot_scanning": "disable",
            "switch_controller_learning_limit": 0,
            "switch_controller_mgmt_vlan": 4094,
            "switch_controller_nac": "",
            "switch_controller_netflow_collect": "",
            "switch_controller_rspan_mode": "disable",
            "switch_controller_source_ip": "outbound",
            "switch_controller_traffic_policy": "",
            "system_id": "00:00:00:00:00:00",
            "system_id_type": "auto",
            "tagging": [],
            "tcp_mss": 0,
            "trunk": "",
            "trust_ip6_1": "::/0",
            "trust_ip6_2": "::/0",
            "trust_ip6_3": "::/0",
            "trust_ip_1": "0.0.0.0 0.0.0.0",
            "trust_ip_2": "0.0.0.0 0.0.0.0",
            "trust_ip_3": "0.0.0.0 0.0.0.0",
            "type": "physical",
            "username": "",
            "vdom": "root",
            "vdomparam": null,
            "vindex": 0,
            "vlan_protocol": "8021q",
            "vlanforward": "disable",
            "vlanid": 0,
            "vrf": 0,
            "vrrp": [],
            "vrrp_virtual_mac": "disable",
            "wccp": "disable",
            "weight": 0,
            "wins_ip": "0.0.0.0"
          },
          "sensitive_attributes": [],
          "private": "bnVsbA=="
        },
        {
          "index_key": "mikrotik_switch",
          "schema_version": 0,
          "attributes": {
            "ac_name": "",
            "aggregate": "",
            "aggregate_type": "",
            "algorithm": "L4",
            "alias": "mikrotik_switch",
            "allowaccess": "",
            "ap_discover": "enable",
            "arpforward": "enable",
            "auth_cert": "",
            "auth_portal_addr": "",
            "auth_type": "auto",
            "auto_auth_extension_device": "disable",
            "autogenerated": null,
            "bandwidth_measure_time": 0,
            "bfd": "global",
            "bfd_desired_min_tx": 250,
            "bfd_detect_mult": 3,
            "bfd_required_min_rx": 250,
            "broadcast_forticlient_discovery": "",
            "broadcast_forward": "disable",
            "captive_portal": 0,
            "cli_conn_status": 0,
            "client_options": [],
            "color": 0,
            "dedicated_to": "none",
            "defaultgw": "enable",
            "description": "Created by Terraform",
            "detected_peer_mtu": 0,
            "detectprotocol": "ping",
            "detectserver": "",
            "device_access_list": "",
            "device_identification": "disable",
            "device_identification_active_scan": "",
            "device_netscan": "",
            "device_user_identification": "enable",
            "devindex": 12,
            "dhcp_classless_route_addition": "",
            "dhcp_client_identifier": "",
            "dhcp_relay_agent_option": "enable",
            "dhcp_relay_interface": "",
            "dhcp_relay_interface_select_method": "auto",
            "dhcp_relay_ip": "",
            "dhcp_relay_link_selection": "",
            "dhcp_relay_request_all_server": "",
            "dhcp_relay_service": "disable",
            "dhcp_relay_type": "regular",
            "dhcp_renew_time": 0,
            "dhcp_snooping_server_list": [],
            "disc_retry_timeout": 1,
            "disconnect_threshold": 0,
            "distance": 5,
            "dns_server_override": "enable",
            "dns_server_protocol": "",
            "drop_fragment": "disable",
            "drop_overlapped_fragment": "disable",
            "dynamic_sort_subtable": "false",
            "eap_ca_cert": "",
            "eap_identity": "",
            "eap_method": "",
            "eap_password": null,
            "eap_supplicant": "",
            "eap_user_cert": "",
            "egress_shaping_profile": "",
            "endpoint_compliance": "",
            "estimated_downstream_bandwidth": 0,
            "estimated_upstream_bandwidth": 0,
            "explicit_ftp_proxy": "disable",
            "explicit_web_proxy": "disable",
            "external": "disable",
            "fail_action_on_extender": "soft-restart",
            "fail_alert_interfaces": [],
            "fail_alert_method": "link-down",
            "fail_detect": "disable",
            "fail_detect_option": "link-down",
            "fortiheartbeat": "",
            "fortilink": "disable",
            "fortilink_backup_link": 0,
            "fortilink_neighbor_detect": "fortilink",
            "fortilink_split_interface": "enable",
            "fortilink_stacking": "enable",
            "forward_domain": 0,
            "forward_error_correction": "",
            "gwdetect": "disable",
            "ha_priority": 1,
            "icmp_accept_redirect": "enable",
            "icmp_send_redirect": "enable",
            "id": "port11",
            "ident_accept": "disable",
            "idle_timeout": 0,
            "ike_saml_server": "",
            "inbandwidth": 0,
            "ingress_shaping_profile": "",
            "ingress_spillover_threshold": 0,
            "interface": "",
            "internal": 0,
            "ip": "0.0.0.0 0.0.0.0",
            "ip_managed_by_fortiipam": "disable",
            "ipmac": "disable",
            "ips_sniffer_mode": "disable",
            "ipunnumbered": "0.0.0.0",
            "ipv6": [
              {
                "autoconf": "disable",
                "cli_conn6_status": 0,
                "dhcp6_client_options": "",
                "dhcp6_iapd_list": [],
                "dhcp6_information_request": "disable",
                "dhcp6_prefix_delegation": "disable",
                "dhcp6_prefix_hint": "::/0",
                "dhcp6_prefix_hint_plt": 604800,
                "dhcp6_prefix_hint_vlt": 2592000,
                "dhcp6_relay_ip": "",
                "dhcp6_relay_service": "disable",
                "dhcp6_relay_type": "regular",
                "icmp6_send_redirect": "enable",
                "interface_identifier": "::",
                "ip6_address": "::/0",
                "ip6_allowaccess": "",
                "ip6_default_life": 1800,
                "ip6_delegated_prefix_iaid": 0,
                "ip6_delegated_prefix_list": [],
                "ip6_dns_server_override": "enable",
                "ip6_extra_addr": [],
                "ip6_hop_limit": 0,
                "ip6_link_mtu": 0,
                "ip6_manage_flag": "disable",
                "ip6_max_interval": 600,
                "ip6_min_interval": 198,
                "ip6_mode": "static",
                "ip6_other_flag": "disable",
                "ip6_prefix_list": [],
                "ip6_prefix_mode": "",
                "ip6_reachable_time": 0,
                "ip6_retrans_time": 0,
                "ip6_send_adv": "disable",
                "ip6_subnet": "::/0",
                "ip6_upstream_interface": "",
                "nd_cert": "",
                "nd_cga_modifier": "0065636473612D776974682D73686132",
                "nd_mode": "basic",
                "nd_security_level": 0,
                "nd_timestamp_delta": 300,
                "nd_timestamp_fuzz": 1,
                "ra_send_mtu": "enable",
                "unique_autoconf_addr": "disable",
                "vrip6_link_local": "::",
                "vrrp6": [],
                "vrrp_virtual_mac6": "disable"
              }
            ],
            "l2forward": "disable",
            "lacp_ha_secondary": "",
            "lacp_ha_slave": "enable",
            "lacp_mode": "active",
            "lacp_speed": "slow",
            "lcp_echo_interval": 5,
            "lcp_max_echo_fails": 3,
            "link_up_delay": 50,
            "lldp_network_policy": "",
            "lldp_reception": "vdom",
            "lldp_transmission": "vdom",
            "macaddr": "",
            "managed_device": [],
            "managed_subnetwork_size": "256",
            "management_ip": "0.0.0.0 0.0.0.0",
            "measured_downstream_bandwidth": 0,
            "measured_upstream_bandwidth": 0,
            "mediatype": "serdes-sfp",
            "member": [],
            "min_links": 1,
            "min_links_down": "operational",
            "mode": "static",
            "monitor_bandwidth": "enable",
            "mtu": 1500,
            "mtu_override": "disable",
            "name": "port11",
            "ndiscforward": "enable",
            "netbios_forward": "disable",
            "netflow_sampler": "disable",
            "outbandwidth": 0,
            "padt_retry_timeout": 1,
            "password": null,
            "ping_serv_status": 0,
            "polling_interval": 20,
            "pppoe_unnumbered_negotiate": "enable",
            "pptp_auth_type": "auto",
            "pptp_client": "disable",
            "pptp_password": null,
            "pptp_server_ip": "0.0.0.0",
            "pptp_timeout": 0,
            "pptp_user": "",
            "preserve_session_route": "disable",
            "priority": 0,
            "priority_override": "enable",
            "proxy_captive_portal": "disable",
            "reachable_time": 0,
            "redundant_interface": "",
            "remote_ip": "0.0.0.0 0.0.0.0",
            "replacemsg_override_group": "",
            "ring_rx": 0,
            "ring_tx": 0,
            "role": "undefined",
            "sample_direction": "both",
            "sample_rate": 2000,
            "scan_botnet_connections": "",
            "secondary_ip": "disable",
            "secondaryip": [],
            "security_exempt_list": "",
            "security_external_logout": "",
            "security_external_web": "",
            "security_groups": [],
            "security_mac_auth_bypass": "disable",
            "security_mode": "none",
            "security_redirect_url": "",
            "service_name": "",
            "sflow_sampler": "disable",
            "snmp_index": 13,
            "speed": "auto",
            "spillover_threshold": 0,
            "src_check": "enable",
            "status": "up",
            "stp": "",
            "stp_ha_secondary": "",
            "stpforward": "disable",
            "stpforward_mode": "rpl-all-ext-id",
            "subst": "disable",
            "substitute_dst_mac": "00:00:00:00:00:00",
            "swc_first_create": 0,
            "swc_vlan": 0,
            "switch": "switches",
            "switch_controller_access_vlan": "disable",
            "switch_controller_arp_inspection": "disable",
            "switch_controller_dhcp_snooping": "disable",
            "switch_controller_dhcp_snooping_option82": "disable",
            "switch_controller_dhcp_snooping_verify_mac": "disable",
            "switch_controller_dynamic": "",
            "switch_controller_feature": "none",
            "switch_controller_igmp_snooping": "disable",
            "switch_controller_igmp_snooping_fast_leave": "disable",
            "switch_controller_igmp_snooping_proxy": "disable",
            "switch_controller_iot_scanning": "disable",
            "switch_controller_learning_limit": 0,
            "switch_controller_mgmt_vlan": 4094,
            "switch_controller_nac": "",
            "switch_controller_netflow_collect": "",
            "switch_controller_rspan_mode": "disable",
            "switch_controller_source_ip": "outbound",
            "switch_controller_traffic_policy": "",
            "system_id": "00:00:00:00:00:00",
            "system_id_type": "auto",
            "tagging": [],
            "tcp_mss": 0,
            "trunk": "",
            "trust_ip6_1": "::/0",
            "trust_ip6_2": "::/0",
            "trust_ip6_3": "::/0",
            "trust_ip_1": "0.0.0.0 0.0.0.0",
            "trust_ip_2": "0.0.0.0 0.0.0.0",
            "trust_ip_3": "0.0.0.0 0.0.0.0",
            "type": "physical",
            "username": "",
            "vdom": "root",
            "vdomparam": null,
            "vindex": 0,
            "vlan_protocol": "8021q",
            "vlanforward": "disable",
            "vlanid": 0,
            "vrf": 0,
            "vrrp": [],
            "vrrp_virtual_mac": "disable",
            "wccp": "disable",
            "weight": 0,
            "wins_ip": "0.0.0.0"
          },
          "sensitive_attributes": [],
          "private": "bnVsbA=="
        },
        {
          "index_key": "xyzel_switch",
          "schema_version": 0,
          "attributes": {
            "ac_name": "",
            "aggregate": "",
            "aggregate_type": "",
            "algorithm": "L4",
            "alias": "xyzel_switch",
            "allowaccess": "",
            "ap_discover": "enable",
            "arpforward": "enable",
            "auth_cert": "",
            "auth_portal_addr": "",
            "auth_type": "auto",
            "auto_auth_extension_device": "disable",
            "autogenerated": null,
            "bandwidth_measure_time": 0,
            "bfd": "global",
            "bfd_desired_min_tx": 250,
            "bfd_detect_mult": 3,
            "bfd_required_min_rx": 250,
            "broadcast_forticlient_discovery": "",
            "broadcast_forward": "disable",
            "captive_portal": 0,
            "cli_conn_status": 0,
            "client_options": [],
            "color": 0,
            "dedicated_to": "none",
            "defaultgw": "enable",
            "description": "Created by Terraform",
            "detected_peer_mtu": 0,
            "detectprotocol": "ping",
            "detectserver": "",
            "device_access_list": "",
            "device_identification": "disable",
            "device_identification_active_scan": "",
            "device_netscan": "",
            "device_user_identification": "enable",
            "devindex": 15,
            "dhcp_classless_route_addition": "",
            "dhcp_client_identifier": "",
            "dhcp_relay_agent_option": "enable",
            "dhcp_relay_interface": "",
            "dhcp_relay_interface_select_method": "auto",
            "dhcp_relay_ip": "",
            "dhcp_relay_link_selection": "",
            "dhcp_relay_request_all_server": "",
            "dhcp_relay_service": "disable",
            "dhcp_relay_type": "regular",
            "dhcp_renew_time": 0,
            "dhcp_snooping_server_list": [],
            "disc_retry_timeout": 1,
            "disconnect_threshold": 0,
            "distance": 5,
            "dns_server_override": "enable",
            "dns_server_protocol": "",
            "drop_fragment": "disable",
            "drop_overlapped_fragment": "disable",
            "dynamic_sort_subtable": "false",
            "eap_ca_cert": "",
            "eap_identity": "",
            "eap_method": "",
            "eap_password": null,
            "eap_supplicant": "",
            "eap_user_cert": "",
            "egress_shaping_profile": "",
            "endpoint_compliance": "",
            "estimated_downstream_bandwidth": 0,
            "estimated_upstream_bandwidth": 0,
            "explicit_ftp_proxy": "disable",
            "explicit_web_proxy": "disable",
            "external": "disable",
            "fail_action_on_extender": "soft-restart",
            "fail_alert_interfaces": [],
            "fail_alert_method": "link-down",
            "fail_detect": "disable",
            "fail_detect_option": "link-down",
            "fortiheartbeat": "",
            "fortilink": "disable",
            "fortilink_backup_link": 0,
            "fortilink_neighbor_detect": "fortilink",
            "fortilink_split_interface": "enable",
            "fortilink_stacking": "enable",
            "forward_domain": 0,
            "forward_error_correction": "",
            "gwdetect": "disable",
            "ha_priority": 1,
            "icmp_accept_redirect": "enable",
            "icmp_send_redirect": "enable",
            "id": "port16",
            "ident_accept": "disable",
            "idle_timeout": 0,
            "ike_saml_server": "",
            "inbandwidth": 0,
            "ingress_shaping_profile": "",
            "ingress_spillover_threshold": 0,
            "interface": "",
            "internal": 0,
            "ip": "0.0.0.0 0.0.0.0",
            "ip_managed_by_fortiipam": "disable",
            "ipmac": "disable",
            "ips_sniffer_mode": "disable",
            "ipunnumbered": "0.0.0.0",
            "ipv6": [
              {
                "autoconf": "disable",
                "cli_conn6_status": 0,
                "dhcp6_client_options": "",
                "dhcp6_iapd_list": [],
                "dhcp6_information_request": "disable",
                "dhcp6_prefix_delegation": "disable",
                "dhcp6_prefix_hint": "::/0",
                "dhcp6_prefix_hint_plt": 604800,
                "dhcp6_prefix_hint_vlt": 2592000,
                "dhcp6_relay_ip": "",
                "dhcp6_relay_service": "disable",
                "dhcp6_relay_type": "regular",
                "icmp6_send_redirect": "enable",
                "interface_identifier": "::",
                "ip6_address": "::/0",
                "ip6_allowaccess": "",
                "ip6_default_life": 1800,
                "ip6_delegated_prefix_iaid": 0,
                "ip6_delegated_prefix_list": [],
                "ip6_dns_server_override": "enable",
                "ip6_extra_addr": [],
                "ip6_hop_limit": 0,
                "ip6_link_mtu": 0,
                "ip6_manage_flag": "disable",
                "ip6_max_interval": 600,
                "ip6_min_interval": 198,
                "ip6_mode": "static",
                "ip6_other_flag": "disable",
                "ip6_prefix_list": [],
                "ip6_prefix_mode": "",
                "ip6_reachable_time": 0,
                "ip6_retrans_time": 0,
                "ip6_send_adv": "disable",
                "ip6_subnet": "::/0",
                "ip6_upstream_interface": "",
                "nd_cert": "",
                "nd_cga_modifier": "0065636473612D776974682D73686132",
                "nd_mode": "basic",
                "nd_security_level": 0,
                "nd_timestamp_delta": 300,
                "nd_timestamp_fuzz": 1,
                "ra_send_mtu": "enable",
                "unique_autoconf_addr": "disable",
                "vrip6_link_local": "::",
                "vrrp6": [],
                "vrrp_virtual_mac6": "disable"
              }
            ],
            "l2forward": "disable",
            "lacp_ha_secondary": "",
            "lacp_ha_slave": "enable",
            "lacp_mode": "active",
            "lacp_speed": "slow",
            "lcp_echo_interval": 5,
            "lcp_max_echo_fails": 3,
            "link_up_delay": 50,
            "lldp_network_policy": "",
            "lldp_reception": "vdom",
            "lldp_transmission": "vdom",
            "macaddr": "",
            "managed_device": [],
            "managed_subnetwork_size": "256",
            "management_ip": "0.0.0.0 0.0.0.0",
            "measured_downstream_bandwidth": 0,
            "measured_upstream_bandwidth": 0,
            "mediatype": "serdes-sfp",
            "member": [],
            "min_links": 1,
            "min_links_down": "operational",
            "mode": "static",
            "monitor_bandwidth": "enable",
            "mtu": 1500,
            "mtu_override": "disable",
            "name": "port16",
            "ndiscforward": "enable",
            "netbios_forward": "disable",
            "netflow_sampler": "disable",
            "outbandwidth": 0,
            "padt_retry_timeout": 1,
            "password": null,
            "ping_serv_status": 0,
            "polling_interval": 20,
            "pppoe_unnumbered_negotiate": "enable",
            "pptp_auth_type": "auto",
            "pptp_client": "disable",
            "pptp_password": null,
            "pptp_server_ip": "0.0.0.0",
            "pptp_timeout": 0,
            "pptp_user": "",
            "preserve_session_route": "disable",
            "priority": 0,
            "priority_override": "enable",
            "proxy_captive_portal": "disable",
            "reachable_time": 0,
            "redundant_interface": "",
            "remote_ip": "0.0.0.0 0.0.0.0",
            "replacemsg_override_group": "",
            "ring_rx": 0,
            "ring_tx": 0,
            "role": "undefined",
            "sample_direction": "both",
            "sample_rate": 2000,
            "scan_botnet_connections": "",
            "secondary_ip": "disable",
            "secondaryip": [],
            "security_exempt_list": "",
            "security_external_logout": "",
            "security_external_web": "",
            "security_groups": [],
            "security_mac_auth_bypass": "disable",
            "security_mode": "none",
            "security_redirect_url": "",
            "service_name": "",
            "sflow_sampler": "disable",
            "snmp_index": 18,
            "speed": "auto",
            "spillover_threshold": 0,
            "src_check": "enable",
            "status": "up",
            "stp": "",
            "stp_ha_secondary": "",
            "stpforward": "disable",
            "stpforward_mode": "rpl-all-ext-id",
            "subst": "disable",
            "substitute_dst_mac": "00:00:00:00:00:00",
            "swc_first_create": 0,
            "swc_vlan": 0,
            "switch": "switches",
            "switch_controller_access_vlan": "disable",
            "switch_controller_arp_inspection": "disable",
            "switch_controller_dhcp_snooping": "disable",
            "switch_controller_dhcp_snooping_option82": "disable",
            "switch_controller_dhcp_snooping_verify_mac": "disable",
            "switch_controller_dynamic": "",
            "switch_controller_feature": "none",
            "switch_controller_igmp_snooping": "disable",
            "switch_controller_igmp_snooping_fast_leave": "disable",
            "switch_controller_igmp_snooping_proxy": "disable",
            "switch_controller_iot_scanning": "disable",
            "switch_controller_learning_limit": 0,
            "switch_controller_mgmt_vlan": 4094,
            "switch_controller_nac": "",
            "switch_controller_netflow_collect": "",
            "switch_controller_rspan_mode": "disable",
            "switch_controller_source_ip": "outbound",
            "switch_controller_traffic_policy": "",
            "system_id": "00:00:00:00:00:00",
            "system_id_type": "auto",
            "tagging": [],
            "tcp_mss": 0,
            "trunk": "",
            "trust_ip6_1": "::/0",
            "trust_ip6_2": "::/0",
            "trust_ip6_3": "::/0",
            "trust_ip_1": "0.0.0.0 0.0.0.0",
            "trust_ip_2": "0.0.0.0 0.0.0.0",
            "trust_ip_3": "0.0.0.0 0.0.0.0",
            "type": "physical",
            "username": "",
            "vdom": "root",
            "vdomparam": null,
            "vindex": 0,
            "vlan_protocol": "8021q",
            "vlanforward": "disable",
            "vlanid": 0,
            "vrf": 0,
            "vrrp": [],
            "vrrp_virtual_mac": "disable",
            "wccp": "disable",
            "weight": 0,
            "wins_ip": "0.0.0.0"
          },
          "sensitive_attributes": [],
          "private": "bnVsbA=="
        }
      ]
    },
    {
      "mode": "managed",
      "type": "fortios_system_interface",
      "name": "vlan_cidr_calc",
      "provider": "provider[\"registry.terraform.io/fortinetdev/fortios\"]",
      "instances": [
        {
          "index_key": "fortigate_onprem_bastion",
          "schema_version": 0,
          "attributes": {
            "ac_name": "",
            "aggregate": "",
            "aggregate_type": "",
            "algorithm": "L4",
            "alias": "",
            "allowaccess": "ping https snmp http",
            "ap_discover": "enable",
            "arpforward": "enable",
            "auth_cert": "",
            "auth_portal_addr": "",
            "auth_type": "auto",
            "auto_auth_extension_device": "disable",
            "autogenerated": null,
            "bandwidth_measure_time": 0,
            "bfd": "global",
            "bfd_desired_min_tx": 250,
            "bfd_detect_mult": 3,
            "bfd_required_min_rx": 250,
            "broadcast_forticlient_discovery": "",
            "broadcast_forward": "disable",
            "captive_portal": 0,
            "cli_conn_status": 0,
            "client_options": [],
            "color": 0,
            "dedicated_to": "none",
            "defaultgw": "enable",
            "description": "Created by Terraform Provider for FortiOS",
            "detected_peer_mtu": 0,
            "detectprotocol": "ping",
            "detectserver": "",
            "device_access_list": "",
            "device_identification": "enable",
            "device_identification_active_scan": "",
            "device_netscan": "",
            "device_user_identification": "enable",
            "devindex": 64,
            "dhcp_classless_route_addition": "",
            "dhcp_client_identifier": "",
            "dhcp_relay_agent_option": "enable",
            "dhcp_relay_interface": "",
            "dhcp_relay_interface_select_method": "auto",
            "dhcp_relay_ip": "",
            "dhcp_relay_link_selection": "",
            "dhcp_relay_request_all_server": "",
            "dhcp_relay_service": "disable",
            "dhcp_relay_type": "regular",
            "dhcp_renew_time": 0,
            "dhcp_snooping_server_list": [],
            "disc_retry_timeout": 1,
            "disconnect_threshold": 0,
            "distance": 5,
            "dns_server_override": "enable",
            "dns_server_protocol": "",
            "drop_fragment": "disable",
            "drop_overlapped_fragment": "disable",
            "dynamic_sort_subtable": "false",
            "eap_ca_cert": "",
            "eap_identity": "",
            "eap_method": "",
            "eap_password": null,
            "eap_supplicant": "",
            "eap_user_cert": "",
            "egress_shaping_profile": "",
            "endpoint_compliance": "",
            "estimated_downstream_bandwidth": 0,
            "estimated_upstream_bandwidth": 0,
            "explicit_ftp_proxy": "disable",
            "explicit_web_proxy": "disable",
            "external": "disable",
            "fail_action_on_extender": "soft-restart",
            "fail_alert_interfaces": [],
            "fail_alert_method": "link-down",
            "fail_detect": "disable",
            "fail_detect_option": "link-down",
            "fortiheartbeat": "",
            "fortilink": "disable",
            "fortilink_backup_link": 0,
            "fortilink_neighbor_detect": "fortilink",
            "fortilink_split_interface": "enable",
            "fortilink_stacking": "enable",
            "forward_domain": 0,
            "forward_error_correction": "",
            "gwdetect": "disable",
            "ha_priority": 1,
            "icmp_accept_redirect": "enable",
            "icmp_send_redirect": "enable",
            "id": "bastion",
            "ident_accept": "disable",
            "idle_timeout": 0,
            "ike_saml_server": "",
            "inbandwidth": 0,
            "ingress_shaping_profile": "",
            "ingress_spillover_threshold": 0,
            "interface": "switches",
            "internal": 0,
            "ip": "10.0.0.97 255.255.255.224",
            "ip_managed_by_fortiipam": "disable",
            "ipmac": "disable",
            "ips_sniffer_mode": "disable",
            "ipunnumbered": "0.0.0.0",
            "ipv6": [
              {
                "autoconf": "disable",
                "cli_conn6_status": 0,
                "dhcp6_client_options": "",
                "dhcp6_iapd_list": [],
                "dhcp6_information_request": "disable",
                "dhcp6_prefix_delegation": "disable",
                "dhcp6_prefix_hint": "::/0",
                "dhcp6_prefix_hint_plt": 604800,
                "dhcp6_prefix_hint_vlt": 2592000,
                "dhcp6_relay_ip": "",
                "dhcp6_relay_service": "disable",
                "dhcp6_relay_type": "regular",
                "icmp6_send_redirect": "enable",
                "interface_identifier": "::",
                "ip6_address": "::/0",
                "ip6_allowaccess": "",
                "ip6_default_life": 1800,
                "ip6_delegated_prefix_iaid": 0,
                "ip6_delegated_prefix_list": [],
                "ip6_dns_server_override": "enable",
                "ip6_extra_addr": [],
                "ip6_hop_limit": 0,
                "ip6_link_mtu": 0,
                "ip6_manage_flag": "disable",
                "ip6_max_interval": 600,
                "ip6_min_interval": 198,
                "ip6_mode": "static",
                "ip6_other_flag": "disable",
                "ip6_prefix_list": [],
                "ip6_prefix_mode": "",
                "ip6_reachable_time": 0,
                "ip6_retrans_time": 0,
                "ip6_send_adv": "disable",
                "ip6_subnet": "::/0",
                "ip6_upstream_interface": "",
                "nd_cert": "",
                "nd_cga_modifier": "0065636473612D776974682D73686132",
                "nd_mode": "basic",
                "nd_security_level": 0,
                "nd_timestamp_delta": 300,
                "nd_timestamp_fuzz": 1,
                "ra_send_mtu": "enable",
                "unique_autoconf_addr": "disable",
                "vrip6_link_local": "::",
                "vrrp6": [],
                "vrrp_virtual_mac6": "disable"
              }
            ],
            "l2forward": "disable",
            "lacp_ha_secondary": "",
            "lacp_ha_slave": "enable",
            "lacp_mode": "active",
            "lacp_speed": "slow",
            "lcp_echo_interval": 5,
            "lcp_max_echo_fails": 3,
            "link_up_delay": 50,
            "lldp_network_policy": "",
            "lldp_reception": "vdom",
            "lldp_transmission": "vdom",
            "macaddr": "00:00:00:00:00:00",
            "managed_device": [],
            "managed_subnetwork_size": "256",
            "management_ip": "0.0.0.0 0.0.0.0",
            "measured_downstream_bandwidth": 0,
            "measured_upstream_bandwidth": 0,
            "mediatype": "serdes-sfp",
            "member": [],
            "min_links": 1,
            "min_links_down": "operational",
            "mode": "static",
            "monitor_bandwidth": "disable",
            "mtu": 1500,
            "mtu_override": "disable",
            "name": "bastion",
            "ndiscforward": "enable",
            "netbios_forward": "disable",
            "netflow_sampler": "disable",
            "outbandwidth": 0,
            "padt_retry_timeout": 1,
            "password": null,
            "ping_serv_status": 0,
            "polling_interval": 20,
            "pppoe_unnumbered_negotiate": "enable",
            "pptp_auth_type": "auto",
            "pptp_client": "disable",
            "pptp_password": null,
            "pptp_server_ip": "0.0.0.0",
            "pptp_timeout": 0,
            "pptp_user": "",
            "preserve_session_route": "disable",
            "priority": 0,
            "priority_override": "enable",
            "proxy_captive_portal": "disable",
            "reachable_time": 0,
            "redundant_interface": "",
            "remote_ip": "0.0.0.0 0.0.0.0",
            "replacemsg_override_group": "",
            "ring_rx": 0,
            "ring_tx": 0,
            "role": "undefined",
            "sample_direction": "both",
            "sample_rate": 2000,
            "scan_botnet_connections": "",
            "secondary_ip": "disable",
            "secondaryip": [],
            "security_exempt_list": "",
            "security_external_logout": "",
            "security_external_web": "",
            "security_groups": [],
            "security_mac_auth_bypass": "disable",
            "security_mode": "none",
            "security_redirect_url": "",
            "service_name": "",
            "sflow_sampler": "disable",
            "snmp_index": 28,
            "speed": "auto",
            "spillover_threshold": 0,
            "src_check": "enable",
            "status": "up",
            "stp": "",
            "stp_ha_secondary": "",
            "stpforward": "disable",
            "stpforward_mode": "rpl-all-ext-id",
            "subst": "disable",
            "substitute_dst_mac": "00:00:00:00:00:00",
            "swc_first_create": 0,
            "swc_vlan": 0,
            "switch": "",
            "switch_controller_access_vlan": "disable",
            "switch_controller_arp_inspection": "disable",
            "switch_controller_dhcp_snooping": "disable",
            "switch_controller_dhcp_snooping_option82": "disable",
            "switch_controller_dhcp_snooping_verify_mac": "disable",
            "switch_controller_dynamic": "",
            "switch_controller_feature": "none",
            "switch_controller_igmp_snooping": "disable",
            "switch_controller_igmp_snooping_fast_leave": "disable",
            "switch_controller_igmp_snooping_proxy": "disable",
            "switch_controller_iot_scanning": "disable",
            "switch_controller_learning_limit": 0,
            "switch_controller_mgmt_vlan": 4094,
            "switch_controller_nac": "",
            "switch_controller_netflow_collect": "",
            "switch_controller_rspan_mode": "disable",
            "switch_controller_source_ip": "outbound",
            "switch_controller_traffic_policy": "",
            "system_id": "00:00:00:00:00:00",
            "system_id_type": "auto",
            "tagging": [],
            "tcp_mss": 0,
            "trunk": "",
            "trust_ip6_1": "::/0",
            "trust_ip6_2": "::/0",
            "trust_ip6_3": "::/0",
            "trust_ip_1": "0.0.0.0 0.0.0.0",
            "trust_ip_2": "0.0.0.0 0.0.0.0",
            "trust_ip_3": "0.0.0.0 0.0.0.0",
            "type": "vlan",
            "username": "",
            "vdom": "root",
            "vdomparam": null,
            "vindex": 0,
            "vlan_protocol": "8021q",
            "vlanforward": "disable",
            "vlanid": 14,
            "vrf": 0,
            "vrrp": [],
            "vrrp_virtual_mac": "disable",
            "wccp": "disable",
            "weight": 0,
            "wins_ip": "0.0.0.0"
          },
          "sensitive_attributes": [],
          "private": "bnVsbA=="
        },
        {
          "index_key": "fortigate_onprem_dns",
          "schema_version": 0,
          "attributes": {
            "ac_name": "",
            "aggregate": "",
            "aggregate_type": "",
            "algorithm": "L4",
            "alias": "",
            "allowaccess": "ping",
            "ap_discover": "enable",
            "arpforward": "enable",
            "auth_cert": "",
            "auth_portal_addr": "",
            "auth_type": "auto",
            "auto_auth_extension_device": "disable",
            "autogenerated": null,
            "bandwidth_measure_time": 0,
            "bfd": "global",
            "bfd_desired_min_tx": 250,
            "bfd_detect_mult": 3,
            "bfd_required_min_rx": 250,
            "broadcast_forticlient_discovery": "",
            "broadcast_forward": "disable",
            "captive_portal": 0,
            "cli_conn_status": 0,
            "client_options": [],
            "color": 0,
            "dedicated_to": "none",
            "defaultgw": "enable",
            "description": "Created by Terraform Provider for FortiOS",
            "detected_peer_mtu": 0,
            "detectprotocol": "ping",
            "detectserver": "",
            "device_access_list": "",
            "device_identification": "enable",
            "device_identification_active_scan": "",
            "device_netscan": "",
            "device_user_identification": "enable",
            "devindex": 62,
            "dhcp_classless_route_addition": "",
            "dhcp_client_identifier": "",
            "dhcp_relay_agent_option": "enable",
            "dhcp_relay_interface": "",
            "dhcp_relay_interface_select_method": "auto",
            "dhcp_relay_ip": "",
            "dhcp_relay_link_selection": "",
            "dhcp_relay_request_all_server": "",
            "dhcp_relay_service": "disable",
            "dhcp_relay_type": "regular",
            "dhcp_renew_time": 0,
            "dhcp_snooping_server_list": [],
            "disc_retry_timeout": 1,
            "disconnect_threshold": 0,
            "distance": 5,
            "dns_server_override": "enable",
            "dns_server_protocol": "",
            "drop_fragment": "disable",
            "drop_overlapped_fragment": "disable",
            "dynamic_sort_subtable": "false",
            "eap_ca_cert": "",
            "eap_identity": "",
            "eap_method": "",
            "eap_password": null,
            "eap_supplicant": "",
            "eap_user_cert": "",
            "egress_shaping_profile": "",
            "endpoint_compliance": "",
            "estimated_downstream_bandwidth": 0,
            "estimated_upstream_bandwidth": 0,
            "explicit_ftp_proxy": "disable",
            "explicit_web_proxy": "disable",
            "external": "disable",
            "fail_action_on_extender": "soft-restart",
            "fail_alert_interfaces": [],
            "fail_alert_method": "link-down",
            "fail_detect": "disable",
            "fail_detect_option": "link-down",
            "fortiheartbeat": "",
            "fortilink": "disable",
            "fortilink_backup_link": 0,
            "fortilink_neighbor_detect": "fortilink",
            "fortilink_split_interface": "enable",
            "fortilink_stacking": "enable",
            "forward_domain": 0,
            "forward_error_correction": "",
            "gwdetect": "disable",
            "ha_priority": 1,
            "icmp_accept_redirect": "enable",
            "icmp_send_redirect": "enable",
            "id": "dns",
            "ident_accept": "disable",
            "idle_timeout": 0,
            "ike_saml_server": "",
            "inbandwidth": 0,
            "ingress_shaping_profile": "",
            "ingress_spillover_threshold": 0,
            "interface": "switches",
            "internal": 0,
            "ip": "10.0.0.65 255.255.255.224",
            "ip_managed_by_fortiipam": "disable",
            "ipmac": "disable",
            "ips_sniffer_mode": "disable",
            "ipunnumbered": "0.0.0.0",
            "ipv6": [
              {
                "autoconf": "disable",
                "cli_conn6_status": 0,
                "dhcp6_client_options": "",
                "dhcp6_iapd_list": [],
                "dhcp6_information_request": "disable",
                "dhcp6_prefix_delegation": "disable",
                "dhcp6_prefix_hint": "::/0",
                "dhcp6_prefix_hint_plt": 604800,
                "dhcp6_prefix_hint_vlt": 2592000,
                "dhcp6_relay_ip": "",
                "dhcp6_relay_service": "disable",
                "dhcp6_relay_type": "regular",
                "icmp6_send_redirect": "enable",
                "interface_identifier": "::",
                "ip6_address": "::/0",
                "ip6_allowaccess": "",
                "ip6_default_life": 1800,
                "ip6_delegated_prefix_iaid": 0,
                "ip6_delegated_prefix_list": [],
                "ip6_dns_server_override": "enable",
                "ip6_extra_addr": [],
                "ip6_hop_limit": 0,
                "ip6_link_mtu": 0,
                "ip6_manage_flag": "disable",
                "ip6_max_interval": 600,
                "ip6_min_interval": 198,
                "ip6_mode": "static",
                "ip6_other_flag": "disable",
                "ip6_prefix_list": [],
                "ip6_prefix_mode": "",
                "ip6_reachable_time": 0,
                "ip6_retrans_time": 0,
                "ip6_send_adv": "disable",
                "ip6_subnet": "::/0",
                "ip6_upstream_interface": "",
                "nd_cert": "",
                "nd_cga_modifier": "0065636473612D776974682D73686132",
                "nd_mode": "basic",
                "nd_security_level": 0,
                "nd_timestamp_delta": 300,
                "nd_timestamp_fuzz": 1,
                "ra_send_mtu": "enable",
                "unique_autoconf_addr": "disable",
                "vrip6_link_local": "::",
                "vrrp6": [],
                "vrrp_virtual_mac6": "disable"
              }
            ],
            "l2forward": "disable",
            "lacp_ha_secondary": "",
            "lacp_ha_slave": "enable",
            "lacp_mode": "active",
            "lacp_speed": "slow",
            "lcp_echo_interval": 5,
            "lcp_max_echo_fails": 3,
            "link_up_delay": 50,
            "lldp_network_policy": "",
            "lldp_reception": "vdom",
            "lldp_transmission": "vdom",
            "macaddr": "00:00:00:00:00:00",
            "managed_device": [],
            "managed_subnetwork_size": "256",
            "management_ip": "0.0.0.0 0.0.0.0",
            "measured_downstream_bandwidth": 0,
            "measured_upstream_bandwidth": 0,
            "mediatype": "serdes-sfp",
            "member": [],
            "min_links": 1,
            "min_links_down": "operational",
            "mode": "static",
            "monitor_bandwidth": "disable",
            "mtu": 1500,
            "mtu_override": "disable",
            "name": "dns",
            "ndiscforward": "enable",
            "netbios_forward": "disable",
            "netflow_sampler": "disable",
            "outbandwidth": 0,
            "padt_retry_timeout": 1,
            "password": null,
            "ping_serv_status": 0,
            "polling_interval": 20,
            "pppoe_unnumbered_negotiate": "enable",
            "pptp_auth_type": "auto",
            "pptp_client": "disable",
            "pptp_password": null,
            "pptp_server_ip": "0.0.0.0",
            "pptp_timeout": 0,
            "pptp_user": "",
            "preserve_session_route": "disable",
            "priority": 0,
            "priority_override": "enable",
            "proxy_captive_portal": "disable",
            "reachable_time": 0,
            "redundant_interface": "",
            "remote_ip": "0.0.0.0 0.0.0.0",
            "replacemsg_override_group": "",
            "ring_rx": 0,
            "ring_tx": 0,
            "role": "undefined",
            "sample_direction": "both",
            "sample_rate": 2000,
            "scan_botnet_connections": "",
            "secondary_ip": "disable",
            "secondaryip": [],
            "security_exempt_list": "",
            "security_external_logout": "",
            "security_external_web": "",
            "security_groups": [],
            "security_mac_auth_bypass": "disable",
            "security_mode": "none",
            "security_redirect_url": "",
            "service_name": "",
            "sflow_sampler": "disable",
            "snmp_index": 26,
            "speed": "auto",
            "spillover_threshold": 0,
            "src_check": "enable",
            "status": "up",
            "stp": "",
            "stp_ha_secondary": "",
            "stpforward": "disable",
            "stpforward_mode": "rpl-all-ext-id",
            "subst": "disable",
            "substitute_dst_mac": "00:00:00:00:00:00",
            "swc_first_create": 0,
            "swc_vlan": 0,
            "switch": "",
            "switch_controller_access_vlan": "disable",
            "switch_controller_arp_inspection": "disable",
            "switch_controller_dhcp_snooping": "disable",
            "switch_controller_dhcp_snooping_option82": "disable",
            "switch_controller_dhcp_snooping_verify_mac": "disable",
            "switch_controller_dynamic": "",
            "switch_controller_feature": "none",
            "switch_controller_igmp_snooping": "disable",
            "switch_controller_igmp_snooping_fast_leave": "disable",
            "switch_controller_igmp_snooping_proxy": "disable",
            "switch_controller_iot_scanning": "disable",
            "switch_controller_learning_limit": 0,
            "switch_controller_mgmt_vlan": 4094,
            "switch_controller_nac": "",
            "switch_controller_netflow_collect": "",
            "switch_controller_rspan_mode": "disable",
            "switch_controller_source_ip": "outbound",
            "switch_controller_traffic_policy": "",
            "system_id": "00:00:00:00:00:00",
            "system_id_type": "auto",
            "tagging": [],
            "tcp_mss": 0,
            "trunk": "",
            "trust_ip6_1": "::/0",
            "trust_ip6_2": "::/0",
            "trust_ip6_3": "::/0",
            "trust_ip_1": "0.0.0.0 0.0.0.0",
            "trust_ip_2": "0.0.0.0 0.0.0.0",
            "trust_ip_3": "0.0.0.0 0.0.0.0",
            "type": "vlan",
            "username": "",
            "vdom": "root",
            "vdomparam": null,
            "vindex": 0,
            "vlan_protocol": "8021q",
            "vlanforward": "disable",
            "vlanid": 13,
            "vrf": 0,
            "vrrp": [],
            "vrrp_virtual_mac": "disable",
            "wccp": "disable",
            "weight": 0,
            "wins_ip": "0.0.0.0"
          },
          "sensitive_attributes": [],
          "private": "bnVsbA=="
        },
        {
          "index_key": "fortigate_onprem_gitlab",
          "schema_version": 0,
          "attributes": {
            "ac_name": "",
            "aggregate": "",
            "aggregate_type": "",
            "algorithm": "L4",
            "alias": "",
            "allowaccess": "ping",
            "ap_discover": "enable",
            "arpforward": "enable",
            "auth_cert": "",
            "auth_portal_addr": "",
            "auth_type": "auto",
            "auto_auth_extension_device": "disable",
            "autogenerated": null,
            "bandwidth_measure_time": 0,
            "bfd": "global",
            "bfd_desired_min_tx": 250,
            "bfd_detect_mult": 3,
            "bfd_required_min_rx": 250,
            "broadcast_forticlient_discovery": "",
            "broadcast_forward": "disable",
            "captive_portal": 0,
            "cli_conn_status": 0,
            "client_options": [],
            "color": 0,
            "dedicated_to": "none",
            "defaultgw": "enable",
            "description": "Created by Terraform Provider for FortiOS",
            "detected_peer_mtu": 0,
            "detectprotocol": "ping",
            "detectserver": "",
            "device_access_list": "",
            "device_identification": "enable",
            "device_identification_active_scan": "",
            "device_netscan": "",
            "device_user_identification": "enable",
            "devindex": 65,
            "dhcp_classless_route_addition": "",
            "dhcp_client_identifier": "",
            "dhcp_relay_agent_option": "enable",
            "dhcp_relay_interface": "",
            "dhcp_relay_interface_select_method": "auto",
            "dhcp_relay_ip": "",
            "dhcp_relay_link_selection": "",
            "dhcp_relay_request_all_server": "",
            "dhcp_relay_service": "disable",
            "dhcp_relay_type": "regular",
            "dhcp_renew_time": 0,
            "dhcp_snooping_server_list": [],
            "disc_retry_timeout": 1,
            "disconnect_threshold": 0,
            "distance": 5,
            "dns_server_override": "enable",
            "dns_server_protocol": "",
            "drop_fragment": "disable",
            "drop_overlapped_fragment": "disable",
            "dynamic_sort_subtable": "false",
            "eap_ca_cert": "",
            "eap_identity": "",
            "eap_method": "",
            "eap_password": null,
            "eap_supplicant": "",
            "eap_user_cert": "",
            "egress_shaping_profile": "",
            "endpoint_compliance": "",
            "estimated_downstream_bandwidth": 0,
            "estimated_upstream_bandwidth": 0,
            "explicit_ftp_proxy": "disable",
            "explicit_web_proxy": "disable",
            "external": "disable",
            "fail_action_on_extender": "soft-restart",
            "fail_alert_interfaces": [],
            "fail_alert_method": "link-down",
            "fail_detect": "disable",
            "fail_detect_option": "link-down",
            "fortiheartbeat": "",
            "fortilink": "disable",
            "fortilink_backup_link": 0,
            "fortilink_neighbor_detect": "fortilink",
            "fortilink_split_interface": "enable",
            "fortilink_stacking": "enable",
            "forward_domain": 0,
            "forward_error_correction": "",
            "gwdetect": "disable",
            "ha_priority": 1,
            "icmp_accept_redirect": "enable",
            "icmp_send_redirect": "enable",
            "id": "gitlab",
            "ident_accept": "disable",
            "idle_timeout": 0,
            "ike_saml_server": "",
            "inbandwidth": 0,
            "ingress_shaping_profile": "",
            "ingress_spillover_threshold": 0,
            "interface": "switches",
            "internal": 0,
            "ip": "10.0.0.129 255.255.255.224",
            "ip_managed_by_fortiipam": "disable",
            "ipmac": "disable",
            "ips_sniffer_mode": "disable",
            "ipunnumbered": "0.0.0.0",
            "ipv6": [
              {
                "autoconf": "disable",
                "cli_conn6_status": 0,
                "dhcp6_client_options": "",
                "dhcp6_iapd_list": [],
                "dhcp6_information_request": "disable",
                "dhcp6_prefix_delegation": "disable",
                "dhcp6_prefix_hint": "::/0",
                "dhcp6_prefix_hint_plt": 604800,
                "dhcp6_prefix_hint_vlt": 2592000,
                "dhcp6_relay_ip": "",
                "dhcp6_relay_service": "disable",
                "dhcp6_relay_type": "regular",
                "icmp6_send_redirect": "enable",
                "interface_identifier": "::",
                "ip6_address": "::/0",
                "ip6_allowaccess": "",
                "ip6_default_life": 1800,
                "ip6_delegated_prefix_iaid": 0,
                "ip6_delegated_prefix_list": [],
                "ip6_dns_server_override": "enable",
                "ip6_extra_addr": [],
                "ip6_hop_limit": 0,
                "ip6_link_mtu": 0,
                "ip6_manage_flag": "disable",
                "ip6_max_interval": 600,
                "ip6_min_interval": 198,
                "ip6_mode": "static",
                "ip6_other_flag": "disable",
                "ip6_prefix_list": [],
                "ip6_prefix_mode": "",
                "ip6_reachable_time": 0,
                "ip6_retrans_time": 0,
                "ip6_send_adv": "disable",
                "ip6_subnet": "::/0",
                "ip6_upstream_interface": "",
                "nd_cert": "",
                "nd_cga_modifier": "0065636473612D776974682D73686132",
                "nd_mode": "basic",
                "nd_security_level": 0,
                "nd_timestamp_delta": 300,
                "nd_timestamp_fuzz": 1,
                "ra_send_mtu": "enable",
                "unique_autoconf_addr": "disable",
                "vrip6_link_local": "::",
                "vrrp6": [],
                "vrrp_virtual_mac6": "disable"
              }
            ],
            "l2forward": "disable",
            "lacp_ha_secondary": "",
            "lacp_ha_slave": "enable",
            "lacp_mode": "active",
            "lacp_speed": "slow",
            "lcp_echo_interval": 5,
            "lcp_max_echo_fails": 3,
            "link_up_delay": 50,
            "lldp_network_policy": "",
            "lldp_reception": "vdom",
            "lldp_transmission": "vdom",
            "macaddr": "00:00:00:00:00:00",
            "managed_device": [],
            "managed_subnetwork_size": "256",
            "management_ip": "0.0.0.0 0.0.0.0",
            "measured_downstream_bandwidth": 0,
            "measured_upstream_bandwidth": 0,
            "mediatype": "serdes-sfp",
            "member": [],
            "min_links": 1,
            "min_links_down": "operational",
            "mode": "static",
            "monitor_bandwidth": "disable",
            "mtu": 1500,
            "mtu_override": "disable",
            "name": "gitlab",
            "ndiscforward": "enable",
            "netbios_forward": "disable",
            "netflow_sampler": "disable",
            "outbandwidth": 0,
            "padt_retry_timeout": 1,
            "password": null,
            "ping_serv_status": 0,
            "polling_interval": 20,
            "pppoe_unnumbered_negotiate": "enable",
            "pptp_auth_type": "auto",
            "pptp_client": "disable",
            "pptp_password": null,
            "pptp_server_ip": "0.0.0.0",
            "pptp_timeout": 0,
            "pptp_user": "",
            "preserve_session_route": "disable",
            "priority": 0,
            "priority_override": "enable",
            "proxy_captive_portal": "disable",
            "reachable_time": 0,
            "redundant_interface": "",
            "remote_ip": "0.0.0.0 0.0.0.0",
            "replacemsg_override_group": "",
            "ring_rx": 0,
            "ring_tx": 0,
            "role": "undefined",
            "sample_direction": "both",
            "sample_rate": 2000,
            "scan_botnet_connections": "",
            "secondary_ip": "disable",
            "secondaryip": [],
            "security_exempt_list": "",
            "security_external_logout": "",
            "security_external_web": "",
            "security_groups": [],
            "security_mac_auth_bypass": "disable",
            "security_mode": "none",
            "security_redirect_url": "",
            "service_name": "",
            "sflow_sampler": "disable",
            "snmp_index": 29,
            "speed": "auto",
            "spillover_threshold": 0,
            "src_check": "enable",
            "status": "up",
            "stp": "",
            "stp_ha_secondary": "",
            "stpforward": "disable",
            "stpforward_mode": "rpl-all-ext-id",
            "subst": "disable",
            "substitute_dst_mac": "00:00:00:00:00:00",
            "swc_first_create": 0,
            "swc_vlan": 0,
            "switch": "",
            "switch_controller_access_vlan": "disable",
            "switch_controller_arp_inspection": "disable",
            "switch_controller_dhcp_snooping": "disable",
            "switch_controller_dhcp_snooping_option82": "disable",
            "switch_controller_dhcp_snooping_verify_mac": "disable",
            "switch_controller_dynamic": "",
            "switch_controller_feature": "none",
            "switch_controller_igmp_snooping": "disable",
            "switch_controller_igmp_snooping_fast_leave": "disable",
            "switch_controller_igmp_snooping_proxy": "disable",
            "switch_controller_iot_scanning": "disable",
            "switch_controller_learning_limit": 0,
            "switch_controller_mgmt_vlan": 4094,
            "switch_controller_nac": "",
            "switch_controller_netflow_collect": "",
            "switch_controller_rspan_mode": "disable",
            "switch_controller_source_ip": "outbound",
            "switch_controller_traffic_policy": "",
            "system_id": "00:00:00:00:00:00",
            "system_id_type": "auto",
            "tagging": [],
            "tcp_mss": 0,
            "trunk": "",
            "trust_ip6_1": "::/0",
            "trust_ip6_2": "::/0",
            "trust_ip6_3": "::/0",
            "trust_ip_1": "0.0.0.0 0.0.0.0",
            "trust_ip_2": "0.0.0.0 0.0.0.0",
            "trust_ip_3": "0.0.0.0 0.0.0.0",
            "type": "vlan",
            "username": "",
            "vdom": "root",
            "vdomparam": null,
            "vindex": 0,
            "vlan_protocol": "8021q",
            "vlanforward": "disable",
            "vlanid": 15,
            "vrf": 0,
            "vrrp": [],
            "vrrp_virtual_mac": "disable",
            "wccp": "disable",
            "weight": 0,
            "wins_ip": "0.0.0.0"
          },
          "sensitive_attributes": [],
          "private": "bnVsbA=="
        },
        {
          "index_key": "fortigate_onprem_k8s",
          "schema_version": 0,
          "attributes": {
            "ac_name": "",
            "aggregate": "",
            "aggregate_type": "",
            "algorithm": "L4",
            "alias": "",
            "allowaccess": "",
            "ap_discover": "enable",
            "arpforward": "enable",
            "auth_cert": "",
            "auth_portal_addr": "",
            "auth_type": "auto",
            "auto_auth_extension_device": "disable",
            "autogenerated": null,
            "bandwidth_measure_time": 0,
            "bfd": "global",
            "bfd_desired_min_tx": 250,
            "bfd_detect_mult": 3,
            "bfd_required_min_rx": 250,
            "broadcast_forticlient_discovery": "",
            "broadcast_forward": "disable",
            "captive_portal": 0,
            "cli_conn_status": 0,
            "client_options": [],
            "color": 0,
            "dedicated_to": "none",
            "defaultgw": "enable",
            "description": "Created by Terraform Provider for FortiOS",
            "detected_peer_mtu": 0,
            "detectprotocol": "ping",
            "detectserver": "",
            "device_access_list": "",
            "device_identification": "enable",
            "device_identification_active_scan": "",
            "device_netscan": "",
            "device_user_identification": "enable",
            "devindex": 63,
            "dhcp_classless_route_addition": "",
            "dhcp_client_identifier": "",
            "dhcp_relay_agent_option": "enable",
            "dhcp_relay_interface": "",
            "dhcp_relay_interface_select_method": "auto",
            "dhcp_relay_ip": "",
            "dhcp_relay_link_selection": "",
            "dhcp_relay_request_all_server": "",
            "dhcp_relay_service": "disable",
            "dhcp_relay_type": "regular",
            "dhcp_renew_time": 0,
            "dhcp_snooping_server_list": [],
            "disc_retry_timeout": 1,
            "disconnect_threshold": 0,
            "distance": 5,
            "dns_server_override": "enable",
            "dns_server_protocol": "",
            "drop_fragment": "disable",
            "drop_overlapped_fragment": "disable",
            "dynamic_sort_subtable": "false",
            "eap_ca_cert": "",
            "eap_identity": "",
            "eap_method": "",
            "eap_password": null,
            "eap_supplicant": "",
            "eap_user_cert": "",
            "egress_shaping_profile": "",
            "endpoint_compliance": "",
            "estimated_downstream_bandwidth": 0,
            "estimated_upstream_bandwidth": 0,
            "explicit_ftp_proxy": "disable",
            "explicit_web_proxy": "disable",
            "external": "disable",
            "fail_action_on_extender": "soft-restart",
            "fail_alert_interfaces": [],
            "fail_alert_method": "link-down",
            "fail_detect": "disable",
            "fail_detect_option": "link-down",
            "fortiheartbeat": "",
            "fortilink": "disable",
            "fortilink_backup_link": 0,
            "fortilink_neighbor_detect": "fortilink",
            "fortilink_split_interface": "enable",
            "fortilink_stacking": "enable",
            "forward_domain": 0,
            "forward_error_correction": "",
            "gwdetect": "disable",
            "ha_priority": 1,
            "icmp_accept_redirect": "enable",
            "icmp_send_redirect": "enable",
            "id": "k8s",
            "ident_accept": "disable",
            "idle_timeout": 0,
            "ike_saml_server": "",
            "inbandwidth": 0,
            "ingress_shaping_profile": "",
            "ingress_spillover_threshold": 0,
            "interface": "switches",
            "internal": 0,
            "ip": "10.0.0.33 255.255.255.224",
            "ip_managed_by_fortiipam": "disable",
            "ipmac": "disable",
            "ips_sniffer_mode": "disable",
            "ipunnumbered": "0.0.0.0",
            "ipv6": [
              {
                "autoconf": "disable",
                "cli_conn6_status": 0,
                "dhcp6_client_options": "",
                "dhcp6_iapd_list": [],
                "dhcp6_information_request": "disable",
                "dhcp6_prefix_delegation": "disable",
                "dhcp6_prefix_hint": "::/0",
                "dhcp6_prefix_hint_plt": 604800,
                "dhcp6_prefix_hint_vlt": 2592000,
                "dhcp6_relay_ip": "",
                "dhcp6_relay_service": "disable",
                "dhcp6_relay_type": "regular",
                "icmp6_send_redirect": "enable",
                "interface_identifier": "::",
                "ip6_address": "::/0",
                "ip6_allowaccess": "",
                "ip6_default_life": 1800,
                "ip6_delegated_prefix_iaid": 0,
                "ip6_delegated_prefix_list": [],
                "ip6_dns_server_override": "enable",
                "ip6_extra_addr": [],
                "ip6_hop_limit": 0,
                "ip6_link_mtu": 0,
                "ip6_manage_flag": "disable",
                "ip6_max_interval": 600,
                "ip6_min_interval": 198,
                "ip6_mode": "static",
                "ip6_other_flag": "disable",
                "ip6_prefix_list": [],
                "ip6_prefix_mode": "",
                "ip6_reachable_time": 0,
                "ip6_retrans_time": 0,
                "ip6_send_adv": "disable",
                "ip6_subnet": "::/0",
                "ip6_upstream_interface": "",
                "nd_cert": "",
                "nd_cga_modifier": "0065636473612D776974682D73686132",
                "nd_mode": "basic",
                "nd_security_level": 0,
                "nd_timestamp_delta": 300,
                "nd_timestamp_fuzz": 1,
                "ra_send_mtu": "enable",
                "unique_autoconf_addr": "disable",
                "vrip6_link_local": "::",
                "vrrp6": [],
                "vrrp_virtual_mac6": "disable"
              }
            ],
            "l2forward": "disable",
            "lacp_ha_secondary": "",
            "lacp_ha_slave": "enable",
            "lacp_mode": "active",
            "lacp_speed": "slow",
            "lcp_echo_interval": 5,
            "lcp_max_echo_fails": 3,
            "link_up_delay": 50,
            "lldp_network_policy": "",
            "lldp_reception": "vdom",
            "lldp_transmission": "vdom",
            "macaddr": "00:00:00:00:00:00",
            "managed_device": [],
            "managed_subnetwork_size": "256",
            "management_ip": "0.0.0.0 0.0.0.0",
            "measured_downstream_bandwidth": 0,
            "measured_upstream_bandwidth": 0,
            "mediatype": "serdes-sfp",
            "member": [],
            "min_links": 1,
            "min_links_down": "operational",
            "mode": "static",
            "monitor_bandwidth": "disable",
            "mtu": 1500,
            "mtu_override": "disable",
            "name": "k8s",
            "ndiscforward": "enable",
            "netbios_forward": "disable",
            "netflow_sampler": "disable",
            "outbandwidth": 0,
            "padt_retry_timeout": 1,
            "password": null,
            "ping_serv_status": 0,
            "polling_interval": 20,
            "pppoe_unnumbered_negotiate": "enable",
            "pptp_auth_type": "auto",
            "pptp_client": "disable",
            "pptp_password": null,
            "pptp_server_ip": "0.0.0.0",
            "pptp_timeout": 0,
            "pptp_user": "",
            "preserve_session_route": "disable",
            "priority": 0,
            "priority_override": "enable",
            "proxy_captive_portal": "disable",
            "reachable_time": 0,
            "redundant_interface": "",
            "remote_ip": "0.0.0.0 0.0.0.0",
            "replacemsg_override_group": "",
            "ring_rx": 0,
            "ring_tx": 0,
            "role": "undefined",
            "sample_direction": "both",
            "sample_rate": 2000,
            "scan_botnet_connections": "",
            "secondary_ip": "disable",
            "secondaryip": [],
            "security_exempt_list": "",
            "security_external_logout": "",
            "security_external_web": "",
            "security_groups": [],
            "security_mac_auth_bypass": "disable",
            "security_mode": "none",
            "security_redirect_url": "",
            "service_name": "",
            "sflow_sampler": "disable",
            "snmp_index": 27,
            "speed": "auto",
            "spillover_threshold": 0,
            "src_check": "enable",
            "status": "up",
            "stp": "",
            "stp_ha_secondary": "",
            "stpforward": "disable",
            "stpforward_mode": "rpl-all-ext-id",
            "subst": "disable",
            "substitute_dst_mac": "00:00:00:00:00:00",
            "swc_first_create": 0,
            "swc_vlan": 0,
            "switch": "",
            "switch_controller_access_vlan": "disable",
            "switch_controller_arp_inspection": "disable",
            "switch_controller_dhcp_snooping": "disable",
            "switch_controller_dhcp_snooping_option82": "disable",
            "switch_controller_dhcp_snooping_verify_mac": "disable",
            "switch_controller_dynamic": "",
            "switch_controller_feature": "none",
            "switch_controller_igmp_snooping": "disable",
            "switch_controller_igmp_snooping_fast_leave": "disable",
            "switch_controller_igmp_snooping_proxy": "disable",
            "switch_controller_iot_scanning": "disable",
            "switch_controller_learning_limit": 0,
            "switch_controller_mgmt_vlan": 4094,
            "switch_controller_nac": "",
            "switch_controller_netflow_collect": "",
            "switch_controller_rspan_mode": "disable",
            "switch_controller_source_ip": "outbound",
            "switch_controller_traffic_policy": "",
            "system_id": "00:00:00:00:00:00",
            "system_id_type": "auto",
            "tagging": [],
            "tcp_mss": 0,
            "trunk": "",
            "trust_ip6_1": "::/0",
            "trust_ip6_2": "::/0",
            "trust_ip6_3": "::/0",
            "trust_ip_1": "0.0.0.0 0.0.0.0",
            "trust_ip_2": "0.0.0.0 0.0.0.0",
            "trust_ip_3": "0.0.0.0 0.0.0.0",
            "type": "vlan",
            "username": "",
            "vdom": "root",
            "vdomparam": null,
            "vindex": 0,
            "vlan_protocol": "8021q",
            "vlanforward": "disable",
            "vlanid": 12,
            "vrf": 0,
            "vrrp": [],
            "vrrp_virtual_mac": "disable",
            "wccp": "disable",
            "weight": 0,
            "wins_ip": "0.0.0.0"
          },
          "sensitive_attributes": [],
          "private": "bnVsbA=="
        },
        {
          "index_key": "fortigate_onprem_vmware",
          "schema_version": 0,
          "attributes": {
            "ac_name": "",
            "aggregate": "",
            "aggregate_type": "",
            "algorithm": "L4",
            "alias": "",
            "allowaccess": "ping",
            "ap_discover": "enable",
            "arpforward": "enable",
            "auth_cert": "",
            "auth_portal_addr": "",
            "auth_type": "auto",
            "auto_auth_extension_device": "disable",
            "autogenerated": null,
            "bandwidth_measure_time": 0,
            "bfd": "global",
            "bfd_desired_min_tx": 250,
            "bfd_detect_mult": 3,
            "bfd_required_min_rx": 250,
            "broadcast_forticlient_discovery": "",
            "broadcast_forward": "disable",
            "captive_portal": 0,
            "cli_conn_status": 0,
            "client_options": [],
            "color": 0,
            "dedicated_to": "none",
            "defaultgw": "enable",
            "description": "Created by Terraform Provider for FortiOS",
            "detected_peer_mtu": 0,
            "detectprotocol": "ping",
            "detectserver": "",
            "device_access_list": "",
            "device_identification": "enable",
            "device_identification_active_scan": "",
            "device_netscan": "",
            "device_user_identification": "enable",
            "devindex": 66,
            "dhcp_classless_route_addition": "",
            "dhcp_client_identifier": "",
            "dhcp_relay_agent_option": "enable",
            "dhcp_relay_interface": "",
            "dhcp_relay_interface_select_method": "auto",
            "dhcp_relay_ip": "",
            "dhcp_relay_link_selection": "",
            "dhcp_relay_request_all_server": "",
            "dhcp_relay_service": "disable",
            "dhcp_relay_type": "regular",
            "dhcp_renew_time": 0,
            "dhcp_snooping_server_list": [],
            "disc_retry_timeout": 1,
            "disconnect_threshold": 0,
            "distance": 5,
            "dns_server_override": "enable",
            "dns_server_protocol": "",
            "drop_fragment": "disable",
            "drop_overlapped_fragment": "disable",
            "dynamic_sort_subtable": "false",
            "eap_ca_cert": "",
            "eap_identity": "",
            "eap_method": "",
            "eap_password": null,
            "eap_supplicant": "",
            "eap_user_cert": "",
            "egress_shaping_profile": "",
            "endpoint_compliance": "",
            "estimated_downstream_bandwidth": 0,
            "estimated_upstream_bandwidth": 0,
            "explicit_ftp_proxy": "disable",
            "explicit_web_proxy": "disable",
            "external": "disable",
            "fail_action_on_extender": "soft-restart",
            "fail_alert_interfaces": [],
            "fail_alert_method": "link-down",
            "fail_detect": "disable",
            "fail_detect_option": "link-down",
            "fortiheartbeat": "",
            "fortilink": "disable",
            "fortilink_backup_link": 0,
            "fortilink_neighbor_detect": "fortilink",
            "fortilink_split_interface": "enable",
            "fortilink_stacking": "enable",
            "forward_domain": 0,
            "forward_error_correction": "",
            "gwdetect": "disable",
            "ha_priority": 1,
            "icmp_accept_redirect": "enable",
            "icmp_send_redirect": "enable",
            "id": "vmware",
            "ident_accept": "disable",
            "idle_timeout": 0,
            "ike_saml_server": "",
            "inbandwidth": 0,
            "ingress_shaping_profile": "",
            "ingress_spillover_threshold": 0,
            "interface": "switches",
            "internal": 0,
            "ip": "10.0.0.161 255.255.255.224",
            "ip_managed_by_fortiipam": "disable",
            "ipmac": "disable",
            "ips_sniffer_mode": "disable",
            "ipunnumbered": "0.0.0.0",
            "ipv6": [
              {
                "autoconf": "disable",
                "cli_conn6_status": 0,
                "dhcp6_client_options": "",
                "dhcp6_iapd_list": [],
                "dhcp6_information_request": "disable",
                "dhcp6_prefix_delegation": "disable",
                "dhcp6_prefix_hint": "::/0",
                "dhcp6_prefix_hint_plt": 604800,
                "dhcp6_prefix_hint_vlt": 2592000,
                "dhcp6_relay_ip": "",
                "dhcp6_relay_service": "disable",
                "dhcp6_relay_type": "regular",
                "icmp6_send_redirect": "enable",
                "interface_identifier": "::",
                "ip6_address": "::/0",
                "ip6_allowaccess": "",
                "ip6_default_life": 1800,
                "ip6_delegated_prefix_iaid": 0,
                "ip6_delegated_prefix_list": [],
                "ip6_dns_server_override": "enable",
                "ip6_extra_addr": [],
                "ip6_hop_limit": 0,
                "ip6_link_mtu": 0,
                "ip6_manage_flag": "disable",
                "ip6_max_interval": 600,
                "ip6_min_interval": 198,
                "ip6_mode": "static",
                "ip6_other_flag": "disable",
                "ip6_prefix_list": [],
                "ip6_prefix_mode": "",
                "ip6_reachable_time": 0,
                "ip6_retrans_time": 0,
                "ip6_send_adv": "disable",
                "ip6_subnet": "::/0",
                "ip6_upstream_interface": "",
                "nd_cert": "",
                "nd_cga_modifier": "0065636473612D776974682D73686132",
                "nd_mode": "basic",
                "nd_security_level": 0,
                "nd_timestamp_delta": 300,
                "nd_timestamp_fuzz": 1,
                "ra_send_mtu": "enable",
                "unique_autoconf_addr": "disable",
                "vrip6_link_local": "::",
                "vrrp6": [],
                "vrrp_virtual_mac6": "disable"
              }
            ],
            "l2forward": "disable",
            "lacp_ha_secondary": "",
            "lacp_ha_slave": "enable",
            "lacp_mode": "active",
            "lacp_speed": "slow",
            "lcp_echo_interval": 5,
            "lcp_max_echo_fails": 3,
            "link_up_delay": 50,
            "lldp_network_policy": "",
            "lldp_reception": "vdom",
            "lldp_transmission": "vdom",
            "macaddr": "00:00:00:00:00:00",
            "managed_device": [],
            "managed_subnetwork_size": "256",
            "management_ip": "0.0.0.0 0.0.0.0",
            "measured_downstream_bandwidth": 0,
            "measured_upstream_bandwidth": 0,
            "mediatype": "serdes-sfp",
            "member": [],
            "min_links": 1,
            "min_links_down": "operational",
            "mode": "static",
            "monitor_bandwidth": "disable",
            "mtu": 1500,
            "mtu_override": "disable",
            "name": "vmware",
            "ndiscforward": "enable",
            "netbios_forward": "disable",
            "netflow_sampler": "disable",
            "outbandwidth": 0,
            "padt_retry_timeout": 1,
            "password": null,
            "ping_serv_status": 0,
            "polling_interval": 20,
            "pppoe_unnumbered_negotiate": "enable",
            "pptp_auth_type": "auto",
            "pptp_client": "disable",
            "pptp_password": null,
            "pptp_server_ip": "0.0.0.0",
            "pptp_timeout": 0,
            "pptp_user": "",
            "preserve_session_route": "disable",
            "priority": 0,
            "priority_override": "enable",
            "proxy_captive_portal": "disable",
            "reachable_time": 0,
            "redundant_interface": "",
            "remote_ip": "0.0.0.0 0.0.0.0",
            "replacemsg_override_group": "",
            "ring_rx": 0,
            "ring_tx": 0,
            "role": "undefined",
            "sample_direction": "both",
            "sample_rate": 2000,
            "scan_botnet_connections": "",
            "secondary_ip": "disable",
            "secondaryip": [],
            "security_exempt_list": "",
            "security_external_logout": "",
            "security_external_web": "",
            "security_groups": [],
            "security_mac_auth_bypass": "disable",
            "security_mode": "none",
            "security_redirect_url": "",
            "service_name": "",
            "sflow_sampler": "disable",
            "snmp_index": 30,
            "speed": "auto",
            "spillover_threshold": 0,
            "src_check": "enable",
            "status": "up",
            "stp": "",
            "stp_ha_secondary": "",
            "stpforward": "disable",
            "stpforward_mode": "rpl-all-ext-id",
            "subst": "disable",
            "substitute_dst_mac": "00:00:00:00:00:00",
            "swc_first_create": 0,
            "swc_vlan": 0,
            "switch": "",
            "switch_controller_access_vlan": "disable",
            "switch_controller_arp_inspection": "disable",
            "switch_controller_dhcp_snooping": "disable",
            "switch_controller_dhcp_snooping_option82": "disable",
            "switch_controller_dhcp_snooping_verify_mac": "disable",
            "switch_controller_dynamic": "",
            "switch_controller_feature": "none",
            "switch_controller_igmp_snooping": "disable",
            "switch_controller_igmp_snooping_fast_leave": "disable",
            "switch_controller_igmp_snooping_proxy": "disable",
            "switch_controller_iot_scanning": "disable",
            "switch_controller_learning_limit": 0,
            "switch_controller_mgmt_vlan": 4094,
            "switch_controller_nac": "",
            "switch_controller_netflow_collect": "",
            "switch_controller_rspan_mode": "disable",
            "switch_controller_source_ip": "outbound",
            "switch_controller_traffic_policy": "",
            "system_id": "00:00:00:00:00:00",
            "system_id_type": "auto",
            "tagging": [],
            "tcp_mss": 0,
            "trunk": "",
            "trust_ip6_1": "::/0",
            "trust_ip6_2": "::/0",
            "trust_ip6_3": "::/0",
            "trust_ip_1": "0.0.0.0 0.0.0.0",
            "trust_ip_2": "0.0.0.0 0.0.0.0",
            "trust_ip_3": "0.0.0.0 0.0.0.0",
            "type": "vlan",
            "username": "",
            "vdom": "root",
            "vdomparam": null,
            "vindex": 0,
            "vlan_protocol": "8021q",
            "vlanforward": "disable",
            "vlanid": 16,
            "vrf": 0,
            "vrrp": [],
            "vrrp_virtual_mac": "disable",
            "wccp": "disable",
            "weight": 0,
            "wins_ip": "0.0.0.0"
          },
          "sensitive_attributes": [],
          "private": "bnVsbA=="
        }
      ]
    },
    {
      "mode": "managed",
      "type": "fortios_system_setting_dns",
      "name": "dns",
      "provider": "provider[\"registry.terraform.io/fortinetdev/fortios\"]",
      "instances": [
        {
          "schema_version": 0,
          "attributes": {
            "dns_over_tls": "disable",
            "id": "fortios-sys-dns",
            "primary": "1.1.1.1",
            "secondary": "8.8.8.8"
          },
          "sensitive_attributes": [],
          "private": "bnVsbA=="
        }
      ]
    }
  ]
}
